// !$*UTF8*$!
{
	archiveVersion = 1;
	classes = {
	};
	objectVersion = 50;
	objects = {

/* Begin PBXBuildFile section */
		04E40C38C434E8DFF5A28DA8 /* Pods_IdeaSlotApp.framework in Frameworks */ = {isa = PBXBuildFile; fileRef = 868B7B11A58E048B54C0A026 /* Pods_IdeaSlotApp.framework */; };
		1E7E95115086547ACA0F3279 /* Pods_IdeaSlotAppTests.framework in Frameworks */ = {isa = PBXBuildFile; fileRef = 7D18BEBFEA3ACB0DA537F216 /* Pods_IdeaSlotAppTests.framework */; };
		42B41A28E8AC41FF8364AF9D /* Pods_IdeaSlotAppUITests.framework in Frameworks */ = {isa = PBXBuildFile; fileRef = C8061A756E9784DA8B6D3A6F /* Pods_IdeaSlotAppUITests.framework */; };
		CE2697EE210DB7FD00F59F2B /* ToDoListItemTableViewCell.swift in Sources */ = {isa = PBXBuildFile; fileRef = CE2697ED210DB7FD00F59F2B /* ToDoListItemTableViewCell.swift */; };
		CE2697F0210DBCA300F59F2B /* ToDoItemViewController.swift in Sources */ = {isa = PBXBuildFile; fileRef = CE2697EF210DBCA300F59F2B /* ToDoItemViewController.swift */; };
		CE5585832115701600E66A6C /* ToDo.swift in Sources */ = {isa = PBXBuildFile; fileRef = CE5585822115701600E66A6C /* ToDo.swift */; };
		CE66265B211203FF000E73F4 /* Realm.framework in Frameworks */ = {isa = PBXBuildFile; fileRef = CE66265A211203FF000E73F4 /* Realm.framework */; };
		CE66265D21120405000E73F4 /* RealmSwift.framework in Frameworks */ = {isa = PBXBuildFile; fileRef = CE66265C21120405000E73F4 /* RealmSwift.framework */; };
		CE8B79F7210475FF009BD29F /* AppDelegate.swift in Sources */ = {isa = PBXBuildFile; fileRef = CE8B79F6210475FF009BD29F /* AppDelegate.swift */; };
		CE8B79F9210475FF009BD29F /* ToDoListViewController.swift in Sources */ = {isa = PBXBuildFile; fileRef = CE8B79F8210475FF009BD29F /* ToDoListViewController.swift */; };
		CE8B79FC210475FF009BD29F /* Main.storyboard in Resources */ = {isa = PBXBuildFile; fileRef = CE8B79FA210475FF009BD29F /* Main.storyboard */; };
		CE8B79FE21047601009BD29F /* Assets.xcassets in Resources */ = {isa = PBXBuildFile; fileRef = CE8B79FD21047601009BD29F /* Assets.xcassets */; };
		CE8B7A0121047601009BD29F /* LaunchScreen.storyboard in Resources */ = {isa = PBXBuildFile; fileRef = CE8B79FF21047601009BD29F /* LaunchScreen.storyboard */; };
		CE8B7A0C21047601009BD29F /* IdeaSlotAppTests.swift in Sources */ = {isa = PBXBuildFile; fileRef = CE8B7A0B21047601009BD29F /* IdeaSlotAppTests.swift */; };
		CE8B7A1721047601009BD29F /* IdeaSlotAppUITests.swift in Sources */ = {isa = PBXBuildFile; fileRef = CE8B7A1621047601009BD29F /* IdeaSlotAppUITests.swift */; };
/* End PBXBuildFile section */

/* Begin PBXContainerItemProxy section */
		CE8B7A0821047601009BD29F /* PBXContainerItemProxy */ = {
			isa = PBXContainerItemProxy;
			containerPortal = CE8B79EB210475FF009BD29F /* Project object */;
			proxyType = 1;
			remoteGlobalIDString = CE8B79F2210475FF009BD29F;
			remoteInfo = IdeaSlotApp;
		};
		CE8B7A1321047601009BD29F /* PBXContainerItemProxy */ = {
			isa = PBXContainerItemProxy;
			containerPortal = CE8B79EB210475FF009BD29F /* Project object */;
			proxyType = 1;
			remoteGlobalIDString = CE8B79F2210475FF009BD29F;
			remoteInfo = IdeaSlotApp;
		};
/* End PBXContainerItemProxy section */

/* Begin PBXFileReference section */
		0207581EE5B73BBF64470848 /* Pods-IdeaSlotAppUITests.release.xcconfig */ = {isa = PBXFileReference; includeInIndex = 1; lastKnownFileType = text.xcconfig; name = "Pods-IdeaSlotAppUITests.release.xcconfig"; path = "Pods/Target Support Files/Pods-IdeaSlotAppUITests/Pods-IdeaSlotAppUITests.release.xcconfig"; sourceTree = "<group>"; };
		4B041A69785F13272C7D8167 /* Pods-IdeaSlotAppTests.debug.xcconfig */ = {isa = PBXFileReference; includeInIndex = 1; lastKnownFileType = text.xcconfig; name = "Pods-IdeaSlotAppTests.debug.xcconfig"; path = "Pods/Target Support Files/Pods-IdeaSlotAppTests/Pods-IdeaSlotAppTests.debug.xcconfig"; sourceTree = "<group>"; };
		5D8800AC96303D21085DA056 /* Pods-IdeaSlotAppTests.release.xcconfig */ = {isa = PBXFileReference; includeInIndex = 1; lastKnownFileType = text.xcconfig; name = "Pods-IdeaSlotAppTests.release.xcconfig"; path = "Pods/Target Support Files/Pods-IdeaSlotAppTests/Pods-IdeaSlotAppTests.release.xcconfig"; sourceTree = "<group>"; };
		7D18BEBFEA3ACB0DA537F216 /* Pods_IdeaSlotAppTests.framework */ = {isa = PBXFileReference; explicitFileType = wrapper.framework; includeInIndex = 0; path = Pods_IdeaSlotAppTests.framework; sourceTree = BUILT_PRODUCTS_DIR; };
		868B7B11A58E048B54C0A026 /* Pods_IdeaSlotApp.framework */ = {isa = PBXFileReference; explicitFileType = wrapper.framework; includeInIndex = 0; path = Pods_IdeaSlotApp.framework; sourceTree = BUILT_PRODUCTS_DIR; };
		C8061A756E9784DA8B6D3A6F /* Pods_IdeaSlotAppUITests.framework */ = {isa = PBXFileReference; explicitFileType = wrapper.framework; includeInIndex = 0; path = Pods_IdeaSlotAppUITests.framework; sourceTree = BUILT_PRODUCTS_DIR; };
		CE2697E5210DB23200F59F2B /* CoreData.framework */ = {isa = PBXFileReference; lastKnownFileType = wrapper.framework; name = CoreData.framework; path = System/Library/Frameworks/CoreData.framework; sourceTree = SDKROOT; };
		CE2697E7210DB23700F59F2B /* MagicalRecord.framework */ = {isa = PBXFileReference; explicitFileType = wrapper.framework; path = MagicalRecord.framework; sourceTree = BUILT_PRODUCTS_DIR; };
		CE2697ED210DB7FD00F59F2B /* ToDoListItemTableViewCell.swift */ = {isa = PBXFileReference; lastKnownFileType = sourcecode.swift; path = ToDoListItemTableViewCell.swift; sourceTree = "<group>"; };
		CE2697EF210DBCA300F59F2B /* ToDoItemViewController.swift */ = {isa = PBXFileReference; lastKnownFileType = sourcecode.swift; path = ToDoItemViewController.swift; sourceTree = "<group>"; };
		CE5585822115701600E66A6C /* ToDo.swift */ = {isa = PBXFileReference; lastKnownFileType = sourcecode.swift; path = ToDo.swift; sourceTree = "<group>"; };
		CE66265A211203FF000E73F4 /* Realm.framework */ = {isa = PBXFileReference; explicitFileType = wrapper.framework; path = Realm.framework; sourceTree = BUILT_PRODUCTS_DIR; };
		CE66265C21120405000E73F4 /* RealmSwift.framework */ = {isa = PBXFileReference; explicitFileType = wrapper.framework; path = RealmSwift.framework; sourceTree = BUILT_PRODUCTS_DIR; };
		CE8B79F3210475FF009BD29F /* IdeaSlotApp.app */ = {isa = PBXFileReference; explicitFileType = wrapper.application; includeInIndex = 0; path = IdeaSlotApp.app; sourceTree = BUILT_PRODUCTS_DIR; };
		CE8B79F6210475FF009BD29F /* AppDelegate.swift */ = {isa = PBXFileReference; lastKnownFileType = sourcecode.swift; path = AppDelegate.swift; sourceTree = "<group>"; };
		CE8B79F8210475FF009BD29F /* ToDoListViewController.swift */ = {isa = PBXFileReference; lastKnownFileType = sourcecode.swift; path = ToDoListViewController.swift; sourceTree = "<group>"; };
		CE8B79FB210475FF009BD29F /* Base */ = {isa = PBXFileReference; lastKnownFileType = file.storyboard; name = Base; path = Base.lproj/Main.storyboard; sourceTree = "<group>"; };
		CE8B79FD21047601009BD29F /* Assets.xcassets */ = {isa = PBXFileReference; lastKnownFileType = folder.assetcatalog; path = Assets.xcassets; sourceTree = "<group>"; };
		CE8B7A0021047601009BD29F /* Base */ = {isa = PBXFileReference; lastKnownFileType = file.storyboard; name = Base; path = Base.lproj/LaunchScreen.storyboard; sourceTree = "<group>"; };
		CE8B7A0221047601009BD29F /* Info.plist */ = {isa = PBXFileReference; lastKnownFileType = text.plist.xml; path = Info.plist; sourceTree = "<group>"; };
		CE8B7A0721047601009BD29F /* IdeaSlotAppTests.xctest */ = {isa = PBXFileReference; explicitFileType = wrapper.cfbundle; includeInIndex = 0; path = IdeaSlotAppTests.xctest; sourceTree = BUILT_PRODUCTS_DIR; };
		CE8B7A0B21047601009BD29F /* IdeaSlotAppTests.swift */ = {isa = PBXFileReference; lastKnownFileType = sourcecode.swift; path = IdeaSlotAppTests.swift; sourceTree = "<group>"; };
		CE8B7A0D21047601009BD29F /* Info.plist */ = {isa = PBXFileReference; lastKnownFileType = text.plist.xml; path = Info.plist; sourceTree = "<group>"; };
		CE8B7A1221047601009BD29F /* IdeaSlotAppUITests.xctest */ = {isa = PBXFileReference; explicitFileType = wrapper.cfbundle; includeInIndex = 0; path = IdeaSlotAppUITests.xctest; sourceTree = BUILT_PRODUCTS_DIR; };
		CE8B7A1621047601009BD29F /* IdeaSlotAppUITests.swift */ = {isa = PBXFileReference; lastKnownFileType = sourcecode.swift; path = IdeaSlotAppUITests.swift; sourceTree = "<group>"; };
		CE8B7A1821047601009BD29F /* Info.plist */ = {isa = PBXFileReference; lastKnownFileType = text.plist.xml; path = Info.plist; sourceTree = "<group>"; };
		CEE542B9210476DF00CB5E7F /* PageMenu.framework */ = {isa = PBXFileReference; explicitFileType = wrapper.framework; path = PageMenu.framework; sourceTree = BUILT_PRODUCTS_DIR; };
		D6766FAB780E1DE48F34DA29 /* Pods-IdeaSlotAppUITests.debug.xcconfig */ = {isa = PBXFileReference; includeInIndex = 1; lastKnownFileType = text.xcconfig; name = "Pods-IdeaSlotAppUITests.debug.xcconfig"; path = "Pods/Target Support Files/Pods-IdeaSlotAppUITests/Pods-IdeaSlotAppUITests.debug.xcconfig"; sourceTree = "<group>"; };
		FD742A902FE1F85A8C3E7545 /* Pods-IdeaSlotApp.release.xcconfig */ = {isa = PBXFileReference; includeInIndex = 1; lastKnownFileType = text.xcconfig; name = "Pods-IdeaSlotApp.release.xcconfig"; path = "Pods/Target Support Files/Pods-IdeaSlotApp/Pods-IdeaSlotApp.release.xcconfig"; sourceTree = "<group>"; };
		FEB136B2DEB1EE49CE134733 /* Pods-IdeaSlotApp.debug.xcconfig */ = {isa = PBXFileReference; includeInIndex = 1; lastKnownFileType = text.xcconfig; name = "Pods-IdeaSlotApp.debug.xcconfig"; path = "Pods/Target Support Files/Pods-IdeaSlotApp/Pods-IdeaSlotApp.debug.xcconfig"; sourceTree = "<group>"; };
/* End PBXFileReference section */

/* Begin PBXFrameworksBuildPhase section */
		CE8B79F0210475FF009BD29F /* Frameworks */ = {
			isa = PBXFrameworksBuildPhase;
			buildActionMask = 2147483647;
			files = (
				CE66265D21120405000E73F4 /* RealmSwift.framework in Frameworks */,
				CE66265B211203FF000E73F4 /* Realm.framework in Frameworks */,
				04E40C38C434E8DFF5A28DA8 /* Pods_IdeaSlotApp.framework in Frameworks */,
			);
			runOnlyForDeploymentPostprocessing = 0;
		};
		CE8B7A0421047601009BD29F /* Frameworks */ = {
			isa = PBXFrameworksBuildPhase;
			buildActionMask = 2147483647;
			files = (
				1E7E95115086547ACA0F3279 /* Pods_IdeaSlotAppTests.framework in Frameworks */,
			);
			runOnlyForDeploymentPostprocessing = 0;
		};
		CE8B7A0F21047601009BD29F /* Frameworks */ = {
			isa = PBXFrameworksBuildPhase;
			buildActionMask = 2147483647;
			files = (
				42B41A28E8AC41FF8364AF9D /* Pods_IdeaSlotAppUITests.framework in Frameworks */,
			);
			runOnlyForDeploymentPostprocessing = 0;
		};
/* End PBXFrameworksBuildPhase section */

/* Begin PBXGroup section */
		5912F3B9D5D5E2BBE04E4DBE /* Pods */ = {
			isa = PBXGroup;
			children = (
				FEB136B2DEB1EE49CE134733 /* Pods-IdeaSlotApp.debug.xcconfig */,
				FD742A902FE1F85A8C3E7545 /* Pods-IdeaSlotApp.release.xcconfig */,
				4B041A69785F13272C7D8167 /* Pods-IdeaSlotAppTests.debug.xcconfig */,
				5D8800AC96303D21085DA056 /* Pods-IdeaSlotAppTests.release.xcconfig */,
				D6766FAB780E1DE48F34DA29 /* Pods-IdeaSlotAppUITests.debug.xcconfig */,
				0207581EE5B73BBF64470848 /* Pods-IdeaSlotAppUITests.release.xcconfig */,
			);
			name = Pods;
			sourceTree = "<group>";
		};
		CE5585842115739E00E66A6C /* Classes */ = {
			isa = PBXGroup;
			children = (
				CE8B79F6210475FF009BD29F /* AppDelegate.swift */,
				CE558587211573E000E66A6C /* ViewController */,
				CE558586211573D600E66A6C /* View */,
			);
			path = Classes;
			sourceTree = "<group>";
		};
		CE558585211573B400E66A6C /* Others */ = {
			isa = PBXGroup;
			children = (
				CE8B7A0221047601009BD29F /* Info.plist */,
			);
			path = Others;
			sourceTree = "<group>";
		};
		CE558586211573D600E66A6C /* View */ = {
			isa = PBXGroup;
			children = (
				CE2697ED210DB7FD00F59F2B /* ToDoListItemTableViewCell.swift */,
			);
			path = View;
			sourceTree = "<group>";
		};
		CE558587211573E000E66A6C /* ViewController */ = {
			isa = PBXGroup;
			children = (
				CE8B79F8210475FF009BD29F /* ToDoListViewController.swift */,
				CE2697EF210DBCA300F59F2B /* ToDoItemViewController.swift */,
			);
			path = ViewController;
			sourceTree = "<group>";
		};
		CE78631A2116E54C0053B87B /* Model */ = {
			isa = PBXGroup;
			children = (
				CE5585822115701600E66A6C /* ToDo.swift */,
			);
			path = Model;
			sourceTree = "<group>";
		};
		CE78631B2116E5570053B87B /* Resource */ = {
			isa = PBXGroup;
			children = (
				CE8B79FD21047601009BD29F /* Assets.xcassets */,
			);
			path = Resource;
			sourceTree = "<group>";
		};
		CE78631C2116E5C60053B87B /* UI */ = {
			isa = PBXGroup;
			children = (
				CE78631D2116E5CC0053B87B /* Storyboard */,
			);
			path = UI;
			sourceTree = "<group>";
		};
		CE78631D2116E5CC0053B87B /* Storyboard */ = {
			isa = PBXGroup;
			children = (
				CE8B79FA210475FF009BD29F /* Main.storyboard */,
				CE8B79FF21047601009BD29F /* LaunchScreen.storyboard */,
			);
			path = Storyboard;
			sourceTree = "<group>";
		};
		CE8B79EA210475FF009BD29F = {
			isa = PBXGroup;
			children = (
				CE8B79F5210475FF009BD29F /* IdeaSlotApp */,
				CE8B7A0A21047601009BD29F /* IdeaSlotAppTests */,
				CE8B7A1521047601009BD29F /* IdeaSlotAppUITests */,
				CE8B79F4210475FF009BD29F /* Products */,
				5912F3B9D5D5E2BBE04E4DBE /* Pods */,
				F44F1094BD83EC84BD744B8A /* Frameworks */,
			);
			sourceTree = "<group>";
		};
		CE8B79F4210475FF009BD29F /* Products */ = {
			isa = PBXGroup;
			children = (
				CE8B79F3210475FF009BD29F /* IdeaSlotApp.app */,
				CE8B7A0721047601009BD29F /* IdeaSlotAppTests.xctest */,
				CE8B7A1221047601009BD29F /* IdeaSlotAppUITests.xctest */,
			);
			name = Products;
			sourceTree = "<group>";
		};
		CE8B79F5210475FF009BD29F /* IdeaSlotApp */ = {
			isa = PBXGroup;
			children = (
				CE78631C2116E5C60053B87B /* UI */,
				CE78631B2116E5570053B87B /* Resource */,
				CE78631A2116E54C0053B87B /* Model */,
				CE558585211573B400E66A6C /* Others */,
				CE5585842115739E00E66A6C /* Classes */,
			);
			path = IdeaSlotApp;
			sourceTree = "<group>";
		};
		CE8B7A0A21047601009BD29F /* IdeaSlotAppTests */ = {
			isa = PBXGroup;
			children = (
				CE8B7A0B21047601009BD29F /* IdeaSlotAppTests.swift */,
				CE8B7A0D21047601009BD29F /* Info.plist */,
			);
			path = IdeaSlotAppTests;
			sourceTree = "<group>";
		};
		CE8B7A1521047601009BD29F /* IdeaSlotAppUITests */ = {
			isa = PBXGroup;
			children = (
				CE8B7A1621047601009BD29F /* IdeaSlotAppUITests.swift */,
				CE8B7A1821047601009BD29F /* Info.plist */,
			);
			path = IdeaSlotAppUITests;
			sourceTree = "<group>";
		};
		F44F1094BD83EC84BD744B8A /* Frameworks */ = {
			isa = PBXGroup;
			children = (
				CE66265C21120405000E73F4 /* RealmSwift.framework */,
				CE66265A211203FF000E73F4 /* Realm.framework */,
				CE2697E7210DB23700F59F2B /* MagicalRecord.framework */,
				CE2697E5210DB23200F59F2B /* CoreData.framework */,
				CEE542B9210476DF00CB5E7F /* PageMenu.framework */,
				868B7B11A58E048B54C0A026 /* Pods_IdeaSlotApp.framework */,
				7D18BEBFEA3ACB0DA537F216 /* Pods_IdeaSlotAppTests.framework */,
				C8061A756E9784DA8B6D3A6F /* Pods_IdeaSlotAppUITests.framework */,
			);
			name = Frameworks;
			sourceTree = "<group>";
		};
/* End PBXGroup section */

/* Begin PBXNativeTarget section */
		CE8B79F2210475FF009BD29F /* IdeaSlotApp */ = {
			isa = PBXNativeTarget;
			buildConfigurationList = CE8B7A1B21047601009BD29F /* Build configuration list for PBXNativeTarget "IdeaSlotApp" */;
			buildPhases = (
				C80839B7AB596A06341C0D15 /* [CP] Check Pods Manifest.lock */,
				CE8B79EF210475FF009BD29F /* Sources */,
				CE8B79F0210475FF009BD29F /* Frameworks */,
				CE8B79F1210475FF009BD29F /* Resources */,
				86670C5C78E4D201E329BAEB /* [CP] Embed Pods Frameworks */,
			);
			buildRules = (
			);
			dependencies = (
			);
			name = IdeaSlotApp;
			productName = IdeaSlotApp;
			productReference = CE8B79F3210475FF009BD29F /* IdeaSlotApp.app */;
			productType = "com.apple.product-type.application";
		};
		CE8B7A0621047601009BD29F /* IdeaSlotAppTests */ = {
			isa = PBXNativeTarget;
			buildConfigurationList = CE8B7A1E21047601009BD29F /* Build configuration list for PBXNativeTarget "IdeaSlotAppTests" */;
			buildPhases = (
				9BBA414AE026AB0C0ACD60FA /* [CP] Check Pods Manifest.lock */,
				CE8B7A0321047601009BD29F /* Sources */,
				CE8B7A0421047601009BD29F /* Frameworks */,
				CE8B7A0521047601009BD29F /* Resources */,
			);
			buildRules = (
			);
			dependencies = (
				CE8B7A0921047601009BD29F /* PBXTargetDependency */,
			);
			name = IdeaSlotAppTests;
			productName = IdeaSlotAppTests;
			productReference = CE8B7A0721047601009BD29F /* IdeaSlotAppTests.xctest */;
			productType = "com.apple.product-type.bundle.unit-test";
		};
		CE8B7A1121047601009BD29F /* IdeaSlotAppUITests */ = {
			isa = PBXNativeTarget;
			buildConfigurationList = CE8B7A2121047601009BD29F /* Build configuration list for PBXNativeTarget "IdeaSlotAppUITests" */;
			buildPhases = (
				205B725D6A86DA6868C81BCC /* [CP] Check Pods Manifest.lock */,
				CE8B7A0E21047601009BD29F /* Sources */,
				CE8B7A0F21047601009BD29F /* Frameworks */,
				CE8B7A1021047601009BD29F /* Resources */,
			);
			buildRules = (
			);
			dependencies = (
				CE8B7A1421047601009BD29F /* PBXTargetDependency */,
			);
			name = IdeaSlotAppUITests;
			productName = IdeaSlotAppUITests;
			productReference = CE8B7A1221047601009BD29F /* IdeaSlotAppUITests.xctest */;
			productType = "com.apple.product-type.bundle.ui-testing";
		};
/* End PBXNativeTarget section */

/* Begin PBXProject section */
		CE8B79EB210475FF009BD29F /* Project object */ = {
			isa = PBXProject;
			attributes = {
				LastSwiftUpdateCheck = 0940;
				LastUpgradeCheck = 0940;
				ORGANIZATIONNAME = "yuta akazawa";
				TargetAttributes = {
					CE8B79F2210475FF009BD29F = {
						CreatedOnToolsVersion = 9.4.1;
						LastSwiftMigration = 0940;
					};
					CE8B7A0621047601009BD29F = {
						CreatedOnToolsVersion = 9.4.1;
						TestTargetID = CE8B79F2210475FF009BD29F;
					};
					CE8B7A1121047601009BD29F = {
						CreatedOnToolsVersion = 9.4.1;
						TestTargetID = CE8B79F2210475FF009BD29F;
					};
				};
			};
			buildConfigurationList = CE8B79EE210475FF009BD29F /* Build configuration list for PBXProject "IdeaSlotApp" */;
			compatibilityVersion = "Xcode 9.3";
			developmentRegion = en;
			hasScannedForEncodings = 0;
			knownRegions = (
				en,
				Base,
			);
			mainGroup = CE8B79EA210475FF009BD29F;
			productRefGroup = CE8B79F4210475FF009BD29F /* Products */;
			projectDirPath = "";
			projectRoot = "";
			targets = (
				CE8B79F2210475FF009BD29F /* IdeaSlotApp */,
				CE8B7A0621047601009BD29F /* IdeaSlotAppTests */,
				CE8B7A1121047601009BD29F /* IdeaSlotAppUITests */,
			);
		};
/* End PBXProject section */

/* Begin PBXResourcesBuildPhase section */
		CE8B79F1210475FF009BD29F /* Resources */ = {
			isa = PBXResourcesBuildPhase;
			buildActionMask = 2147483647;
			files = (
				CE8B7A0121047601009BD29F /* LaunchScreen.storyboard in Resources */,
				CE8B79FE21047601009BD29F /* Assets.xcassets in Resources */,
				CE8B79FC210475FF009BD29F /* Main.storyboard in Resources */,
			);
			runOnlyForDeploymentPostprocessing = 0;
		};
		CE8B7A0521047601009BD29F /* Resources */ = {
			isa = PBXResourcesBuildPhase;
			buildActionMask = 2147483647;
			files = (
			);
			runOnlyForDeploymentPostprocessing = 0;
		};
		CE8B7A1021047601009BD29F /* Resources */ = {
			isa = PBXResourcesBuildPhase;
			buildActionMask = 2147483647;
			files = (
			);
			runOnlyForDeploymentPostprocessing = 0;
		};
/* End PBXResourcesBuildPhase section */

/* Begin PBXShellScriptBuildPhase section */
		205B725D6A86DA6868C81BCC /* [CP] Check Pods Manifest.lock */ = {
			isa = PBXShellScriptBuildPhase;
			buildActionMask = 2147483647;
			files = (
			);
			inputPaths = (
				"${PODS_PODFILE_DIR_PATH}/Podfile.lock",
				"${PODS_ROOT}/Manifest.lock",
			);
			name = "[CP] Check Pods Manifest.lock";
			outputPaths = (
				"$(DERIVED_FILE_DIR)/Pods-IdeaSlotAppUITests-checkManifestLockResult.txt",
			);
			runOnlyForDeploymentPostprocessing = 0;
			shellPath = /bin/sh;
			shellScript = "diff \"${PODS_PODFILE_DIR_PATH}/Podfile.lock\" \"${PODS_ROOT}/Manifest.lock\" > /dev/null\nif [ $? != 0 ] ; then\n    # print error to STDERR\n    echo \"error: The sandbox is not in sync with the Podfile.lock. Run 'pod install' or update your CocoaPods installation.\" >&2\n    exit 1\nfi\n# This output is used by Xcode 'outputs' to avoid re-running this script phase.\necho \"SUCCESS\" > \"${SCRIPT_OUTPUT_FILE_0}\"\n";
			showEnvVarsInLog = 0;
		};
		86670C5C78E4D201E329BAEB /* [CP] Embed Pods Frameworks */ = {
			isa = PBXShellScriptBuildPhase;
			buildActionMask = 2147483647;
			files = (
			);
			inputPaths = (
				"${SRCROOT}/Pods/Target Support Files/Pods-IdeaSlotApp/Pods-IdeaSlotApp-frameworks.sh",
				"${BUILT_PRODUCTS_DIR}/PagingMenuController/PagingMenuController.framework",
				"${BUILT_PRODUCTS_DIR}/Realm/Realm.framework",
				"${BUILT_PRODUCTS_DIR}/RealmSwift/RealmSwift.framework",
			);
			name = "[CP] Embed Pods Frameworks";
			outputPaths = (
				"${TARGET_BUILD_DIR}/${FRAMEWORKS_FOLDER_PATH}/PagingMenuController.framework",
				"${TARGET_BUILD_DIR}/${FRAMEWORKS_FOLDER_PATH}/Realm.framework",
				"${TARGET_BUILD_DIR}/${FRAMEWORKS_FOLDER_PATH}/RealmSwift.framework",
			);
			runOnlyForDeploymentPostprocessing = 0;
			shellPath = /bin/sh;
			shellScript = "\"${SRCROOT}/Pods/Target Support Files/Pods-IdeaSlotApp/Pods-IdeaSlotApp-frameworks.sh\"\n";
			showEnvVarsInLog = 0;
		};
		9BBA414AE026AB0C0ACD60FA /* [CP] Check Pods Manifest.lock */ = {
			isa = PBXShellScriptBuildPhase;
			buildActionMask = 2147483647;
			files = (
			);
			inputPaths = (
				"${PODS_PODFILE_DIR_PATH}/Podfile.lock",
				"${PODS_ROOT}/Manifest.lock",
			);
			name = "[CP] Check Pods Manifest.lock";
			outputPaths = (
				"$(DERIVED_FILE_DIR)/Pods-IdeaSlotAppTests-checkManifestLockResult.txt",
			);
			runOnlyForDeploymentPostprocessing = 0;
			shellPath = /bin/sh;
			shellScript = "diff \"${PODS_PODFILE_DIR_PATH}/Podfile.lock\" \"${PODS_ROOT}/Manifest.lock\" > /dev/null\nif [ $? != 0 ] ; then\n    # print error to STDERR\n    echo \"error: The sandbox is not in sync with the Podfile.lock. Run 'pod install' or update your CocoaPods installation.\" >&2\n    exit 1\nfi\n# This output is used by Xcode 'outputs' to avoid re-running this script phase.\necho \"SUCCESS\" > \"${SCRIPT_OUTPUT_FILE_0}\"\n";
			showEnvVarsInLog = 0;
		};
		C80839B7AB596A06341C0D15 /* [CP] Check Pods Manifest.lock */ = {
			isa = PBXShellScriptBuildPhase;
			buildActionMask = 2147483647;
			files = (
			);
			inputPaths = (
				"${PODS_PODFILE_DIR_PATH}/Podfile.lock",
				"${PODS_ROOT}/Manifest.lock",
			);
			name = "[CP] Check Pods Manifest.lock";
			outputPaths = (
				"$(DERIVED_FILE_DIR)/Pods-IdeaSlotApp-checkManifestLockResult.txt",
			);
			runOnlyForDeploymentPostprocessing = 0;
			shellPath = /bin/sh;
			shellScript = "diff \"${PODS_PODFILE_DIR_PATH}/Podfile.lock\" \"${PODS_ROOT}/Manifest.lock\" > /dev/null\nif [ $? != 0 ] ; then\n    # print error to STDERR\n    echo \"error: The sandbox is not in sync with the Podfile.lock. Run 'pod install' or update your CocoaPods installation.\" >&2\n    exit 1\nfi\n# This output is used by Xcode 'outputs' to avoid re-running this script phase.\necho \"SUCCESS\" > \"${SCRIPT_OUTPUT_FILE_0}\"\n";
			showEnvVarsInLog = 0;
		};
/* End PBXShellScriptBuildPhase section */

/* Begin PBXSourcesBuildPhase section */
		CE8B79EF210475FF009BD29F /* Sources */ = {
			isa = PBXSourcesBuildPhase;
			buildActionMask = 2147483647;
			files = (
				CE8B79F9210475FF009BD29F /* ToDoListViewController.swift in Sources */,
				CE5585832115701600E66A6C /* ToDo.swift in Sources */,
				CE2697F0210DBCA300F59F2B /* ToDoItemViewController.swift in Sources */,
				CE2697EE210DB7FD00F59F2B /* ToDoListItemTableViewCell.swift in Sources */,
				CE8B79F7210475FF009BD29F /* AppDelegate.swift in Sources */,
			);
			runOnlyForDeploymentPostprocessing = 0;
		};
		CE8B7A0321047601009BD29F /* Sources */ = {
			isa = PBXSourcesBuildPhase;
			buildActionMask = 2147483647;
			files = (
				CE8B7A0C21047601009BD29F /* IdeaSlotAppTests.swift in Sources */,
			);
			runOnlyForDeploymentPostprocessing = 0;
		};
		CE8B7A0E21047601009BD29F /* Sources */ = {
			isa = PBXSourcesBuildPhase;
			buildActionMask = 2147483647;
			files = (
				CE8B7A1721047601009BD29F /* IdeaSlotAppUITests.swift in Sources */,
			);
			runOnlyForDeploymentPostprocessing = 0;
		};
/* End PBXSourcesBuildPhase section */

/* Begin PBXTargetDependency section */
		CE8B7A0921047601009BD29F /* PBXTargetDependency */ = {
			isa = PBXTargetDependency;
			target = CE8B79F2210475FF009BD29F /* IdeaSlotApp */;
			targetProxy = CE8B7A0821047601009BD29F /* PBXContainerItemProxy */;
		};
		CE8B7A1421047601009BD29F /* PBXTargetDependency */ = {
			isa = PBXTargetDependency;
			target = CE8B79F2210475FF009BD29F /* IdeaSlotApp */;
			targetProxy = CE8B7A1321047601009BD29F /* PBXContainerItemProxy */;
		};
/* End PBXTargetDependency section */

/* Begin PBXVariantGroup section */
		CE8B79FA210475FF009BD29F /* Main.storyboard */ = {
			isa = PBXVariantGroup;
			children = (
				CE8B79FB210475FF009BD29F /* Base */,
			);
			name = Main.storyboard;
			sourceTree = "<group>";
		};
		CE8B79FF21047601009BD29F /* LaunchScreen.storyboard */ = {
			isa = PBXVariantGroup;
			children = (
				CE8B7A0021047601009BD29F /* Base */,
			);
			name = LaunchScreen.storyboard;
			sourceTree = "<group>";
		};
/* End PBXVariantGroup section */

/* Begin XCBuildConfiguration section */
		CE8B7A1921047601009BD29F /* Debug */ = {
			isa = XCBuildConfiguration;
			buildSettings = {
				ALWAYS_SEARCH_USER_PATHS = NO;
				CLANG_ANALYZER_NONNULL = YES;
				CLANG_ANALYZER_NUMBER_OBJECT_CONVERSION = YES_AGGRESSIVE;
				CLANG_CXX_LANGUAGE_STANDARD = "gnu++14";
				CLANG_CXX_LIBRARY = "libc++";
				CLANG_ENABLE_MODULES = YES;
				CLANG_ENABLE_OBJC_ARC = YES;
				CLANG_ENABLE_OBJC_WEAK = YES;
				CLANG_WARN_BLOCK_CAPTURE_AUTORELEASING = YES;
				CLANG_WARN_BOOL_CONVERSION = YES;
				CLANG_WARN_COMMA = YES;
				CLANG_WARN_CONSTANT_CONVERSION = YES;
				CLANG_WARN_DEPRECATED_OBJC_IMPLEMENTATIONS = YES;
				CLANG_WARN_DIRECT_OBJC_ISA_USAGE = YES_ERROR;
				CLANG_WARN_DOCUMENTATION_COMMENTS = YES;
				CLANG_WARN_EMPTY_BODY = YES;
				CLANG_WARN_ENUM_CONVERSION = YES;
				CLANG_WARN_INFINITE_RECURSION = YES;
				CLANG_WARN_INT_CONVERSION = YES;
				CLANG_WARN_NON_LITERAL_NULL_CONVERSION = YES;
				CLANG_WARN_OBJC_IMPLICIT_RETAIN_SELF = YES;
				CLANG_WARN_OBJC_LITERAL_CONVERSION = YES;
				CLANG_WARN_OBJC_ROOT_CLASS = YES_ERROR;
				CLANG_WARN_RANGE_LOOP_ANALYSIS = YES;
				CLANG_WARN_STRICT_PROTOTYPES = YES;
				CLANG_WARN_SUSPICIOUS_MOVE = YES;
				CLANG_WARN_UNGUARDED_AVAILABILITY = YES_AGGRESSIVE;
				CLANG_WARN_UNREACHABLE_CODE = YES;
				CLANG_WARN__DUPLICATE_METHOD_MATCH = YES;
				CODE_SIGN_IDENTITY = "iPhone Developer";
				COPY_PHASE_STRIP = NO;
				DEBUG_INFORMATION_FORMAT = dwarf;
				ENABLE_STRICT_OBJC_MSGSEND = YES;
				ENABLE_TESTABILITY = YES;
				GCC_C_LANGUAGE_STANDARD = gnu11;
				GCC_DYNAMIC_NO_PIC = NO;
				GCC_NO_COMMON_BLOCKS = YES;
				GCC_OPTIMIZATION_LEVEL = 0;
				GCC_PREPROCESSOR_DEFINITIONS = (
					"DEBUG=1",
					"$(inherited)",
				);
				GCC_WARN_64_TO_32_BIT_CONVERSION = YES;
				GCC_WARN_ABOUT_RETURN_TYPE = YES_ERROR;
				GCC_WARN_UNDECLARED_SELECTOR = YES;
				GCC_WARN_UNINITIALIZED_AUTOS = YES_AGGRESSIVE;
				GCC_WARN_UNUSED_FUNCTION = YES;
				GCC_WARN_UNUSED_VARIABLE = YES;
				IPHONEOS_DEPLOYMENT_TARGET = 11.4;
				MTL_ENABLE_DEBUG_INFO = YES;
				ONLY_ACTIVE_ARCH = YES;
				SDKROOT = iphoneos;
				SWIFT_ACTIVE_COMPILATION_CONDITIONS = DEBUG;
				SWIFT_OPTIMIZATION_LEVEL = "-Onone";
			};
			name = Debug;
		};
		CE8B7A1A21047601009BD29F /* Release */ = {
			isa = XCBuildConfiguration;
			buildSettings = {
				ALWAYS_SEARCH_USER_PATHS = NO;
				CLANG_ANALYZER_NONNULL = YES;
				CLANG_ANALYZER_NUMBER_OBJECT_CONVERSION = YES_AGGRESSIVE;
				CLANG_CXX_LANGUAGE_STANDARD = "gnu++14";
				CLANG_CXX_LIBRARY = "libc++";
				CLANG_ENABLE_MODULES = YES;
				CLANG_ENABLE_OBJC_ARC = YES;
				CLANG_ENABLE_OBJC_WEAK = YES;
				CLANG_WARN_BLOCK_CAPTURE_AUTORELEASING = YES;
				CLANG_WARN_BOOL_CONVERSION = YES;
				CLANG_WARN_COMMA = YES;
				CLANG_WARN_CONSTANT_CONVERSION = YES;
				CLANG_WARN_DEPRECATED_OBJC_IMPLEMENTATIONS = YES;
				CLANG_WARN_DIRECT_OBJC_ISA_USAGE = YES_ERROR;
				CLANG_WARN_DOCUMENTATION_COMMENTS = YES;
				CLANG_WARN_EMPTY_BODY = YES;
				CLANG_WARN_ENUM_CONVERSION = YES;
				CLANG_WARN_INFINITE_RECURSION = YES;
				CLANG_WARN_INT_CONVERSION = YES;
				CLANG_WARN_NON_LITERAL_NULL_CONVERSION = YES;
				CLANG_WARN_OBJC_IMPLICIT_RETAIN_SELF = YES;
				CLANG_WARN_OBJC_LITERAL_CONVERSION = YES;
				CLANG_WARN_OBJC_ROOT_CLASS = YES_ERROR;
				CLANG_WARN_RANGE_LOOP_ANALYSIS = YES;
				CLANG_WARN_STRICT_PROTOTYPES = YES;
				CLANG_WARN_SUSPICIOUS_MOVE = YES;
				CLANG_WARN_UNGUARDED_AVAILABILITY = YES_AGGRESSIVE;
				CLANG_WARN_UNREACHABLE_CODE = YES;
				CLANG_WARN__DUPLICATE_METHOD_MATCH = YES;
				CODE_SIGN_IDENTITY = "iPhone Developer";
				COPY_PHASE_STRIP = NO;
				DEBUG_INFORMATION_FORMAT = "dwarf-with-dsym";
				ENABLE_NS_ASSERTIONS = NO;
				ENABLE_STRICT_OBJC_MSGSEND = YES;
				GCC_C_LANGUAGE_STANDARD = gnu11;
				GCC_NO_COMMON_BLOCKS = YES;
				GCC_WARN_64_TO_32_BIT_CONVERSION = YES;
				GCC_WARN_ABOUT_RETURN_TYPE = YES_ERROR;
				GCC_WARN_UNDECLARED_SELECTOR = YES;
				GCC_WARN_UNINITIALIZED_AUTOS = YES_AGGRESSIVE;
				GCC_WARN_UNUSED_FUNCTION = YES;
				GCC_WARN_UNUSED_VARIABLE = YES;
				IPHONEOS_DEPLOYMENT_TARGET = 11.4;
				MTL_ENABLE_DEBUG_INFO = NO;
				SDKROOT = iphoneos;
				SWIFT_COMPILATION_MODE = wholemodule;
				SWIFT_OPTIMIZATION_LEVEL = "-O";
				VALIDATE_PRODUCT = YES;
			};
			name = Release;
		};
		CE8B7A1C21047601009BD29F /* Debug */ = {
			isa = XCBuildConfiguration;
			baseConfigurationReference = FEB136B2DEB1EE49CE134733 /* Pods-IdeaSlotApp.debug.xcconfig */;
			buildSettings = {
				ASSETCATALOG_COMPILER_APPICON_NAME = AppIcon;
				CLANG_ENABLE_MODULES = YES;
				CODE_SIGN_STYLE = Automatic;
				INFOPLIST_FILE = IdeaSlotApp/Info.plist;
				LD_RUNPATH_SEARCH_PATHS = (
					"$(inherited)",
					"@executable_path/Frameworks",
				);
				PRODUCT_BUNDLE_IDENTIFIER = grief137.IdeaSlotApp;
				PRODUCT_NAME = "$(TARGET_NAME)";
				SWIFT_INSTALL_OBJC_HEADER = NO;
				SWIFT_OBJC_BRIDGING_HEADER = "";
				SWIFT_OPTIMIZATION_LEVEL = "-Onone";
				SWIFT_PRECOMPILE_BRIDGING_HEADER = NO;
				SWIFT_VERSION = 4.0;
				TARGETED_DEVICE_FAMILY = "1,2";
			};
			name = Debug;
		};
		CE8B7A1D21047601009BD29F /* Release */ = {
			isa = XCBuildConfiguration;
			baseConfigurationReference = FD742A902FE1F85A8C3E7545 /* Pods-IdeaSlotApp.release.xcconfig */;
			buildSettings = {
				ASSETCATALOG_COMPILER_APPICON_NAME = AppIcon;
				CLANG_ENABLE_MODULES = YES;
				CODE_SIGN_STYLE = Automatic;
				INFOPLIST_FILE = IdeaSlotApp/Info.plist;
				LD_RUNPATH_SEARCH_PATHS = (
					"$(inherited)",
					"@executable_path/Frameworks",
				);
				PRODUCT_BUNDLE_IDENTIFIER = grief137.IdeaSlotApp;
				PRODUCT_NAME = "$(TARGET_NAME)";
				SWIFT_INSTALL_OBJC_HEADER = NO;
				SWIFT_OBJC_BRIDGING_HEADER = "";
				SWIFT_PRECOMPILE_BRIDGING_HEADER = NO;
				SWIFT_VERSION = 4.0;
				TARGETED_DEVICE_FAMILY = "1,2";
			};
			name = Release;
		};
		CE8B7A1F21047601009BD29F /* Debug */ = {
			isa = XCBuildConfiguration;
			baseConfigurationReference = 4B041A69785F13272C7D8167 /* Pods-IdeaSlotAppTests.debug.xcconfig */;
			buildSettings = {
				ALWAYS_EMBED_SWIFT_STANDARD_LIBRARIES = YES;
				BUNDLE_LOADER = "$(TEST_HOST)";
				CODE_SIGN_STYLE = Automatic;
				INFOPLIST_FILE = IdeaSlotAppTests/Info.plist;
				LD_RUNPATH_SEARCH_PATHS = (
					"$(inherited)",
					"@executable_path/Frameworks",
					"@loader_path/Frameworks",
				);
				PRODUCT_BUNDLE_IDENTIFIER = grief137.IdeaSlotAppTests;
				PRODUCT_NAME = "$(TARGET_NAME)";
				SWIFT_VERSION = 4.0;
				TARGETED_DEVICE_FAMILY = "1,2";
				TEST_HOST = "$(BUILT_PRODUCTS_DIR)/IdeaSlotApp.app/IdeaSlotApp";
			};
			name = Debug;
		};
		CE8B7A2021047601009BD29F /* Release */ = {
			isa = XCBuildConfiguration;
			baseConfigurationReference = 5D8800AC96303D21085DA056 /* Pods-IdeaSlotAppTests.release.xcconfig */;
			buildSettings = {
				ALWAYS_EMBED_SWIFT_STANDARD_LIBRARIES = YES;
				BUNDLE_LOADER = "$(TEST_HOST)";
				CODE_SIGN_STYLE = Automatic;
				INFOPLIST_FILE = IdeaSlotAppTests/Info.plist;
				LD_RUNPATH_SEARCH_PATHS = (
					"$(inherited)",
					"@executable_path/Frameworks",
					"@loader_path/Frameworks",
				);
				PRODUCT_BUNDLE_IDENTIFIER = grief137.IdeaSlotAppTests;
				PRODUCT_NAME = "$(TARGET_NAME)";
				SWIFT_VERSION = 4.0;
				TARGETED_DEVICE_FAMILY = "1,2";
				TEST_HOST = "$(BUILT_PRODUCTS_DIR)/IdeaSlotApp.app/IdeaSlotApp";
			};
			name = Release;
		};
		CE8B7A2221047601009BD29F /* Debug */ = {
			isa = XCBuildConfiguration;
			baseConfigurationReference = D6766FAB780E1DE48F34DA29 /* Pods-IdeaSlotAppUITests.debug.xcconfig */;
			buildSettings = {
				ALWAYS_EMBED_SWIFT_STANDARD_LIBRARIES = YES;
				CODE_SIGN_STYLE = Automatic;
				INFOPLIST_FILE = IdeaSlotAppUITests/Info.plist;
				LD_RUNPATH_SEARCH_PATHS = (
					"$(inherited)",
					"@executable_path/Frameworks",
					"@loader_path/Frameworks",
				);
				PRODUCT_BUNDLE_IDENTIFIER = grief137.IdeaSlotAppUITests;
				PRODUCT_NAME = "$(TARGET_NAME)";
				SWIFT_VERSION = 4.0;
				TARGETED_DEVICE_FAMILY = "1,2";
				TEST_TARGET_NAME = IdeaSlotApp;
			};
			name = Debug;
		};
		CE8B7A2321047601009BD29F /* Release */ = {
			isa = XCBuildConfiguration;
			baseConfigurationReference = 0207581EE5B73BBF64470848 /* Pods-IdeaSlotAppUITests.release.xcconfig */;
			buildSettings = {
				ALWAYS_EMBED_SWIFT_STANDARD_LIBRARIES = YES;
				CODE_SIGN_STYLE = Automatic;
				INFOPLIST_FILE = IdeaSlotAppUITests/Info.plist;
				LD_RUNPATH_SEARCH_PATHS = (
					"$(inherited)",
					"@executable_path/Frameworks",
					"@loader_path/Frameworks",
				);
				PRODUCT_BUNDLE_IDENTIFIER = grief137.IdeaSlotAppUITests;
				PRODUCT_NAME = "$(TARGET_NAME)";
				SWIFT_VERSION = 4.0;
				TARGETED_DEVICE_FAMILY = "1,2";
				TEST_TARGET_NAME = IdeaSlotApp;
			};
			name = Release;
		};
/* End XCBuildConfiguration section */

/* Begin XCConfigurationList section */
		CE8B79EE210475FF009BD29F /* Build configuration list for PBXProject "IdeaSlotApp" */ = {
			isa = XCConfigurationList;
			buildConfigurations = (
				CE8B7A1921047601009BD29F /* Debug */,
				CE8B7A1A21047601009BD29F /* Release */,
			);
			defaultConfigurationIsVisible = 0;
			defaultConfigurationName = Release;
		};
		CE8B7A1B21047601009BD29F /* Build configuration list for PBXNativeTarget "IdeaSlotApp" */ = {
			isa = XCConfigurationList;
			buildConfigurations = (
				CE8B7A1C21047601009BD29F /* Debug */,
				CE8B7A1D21047601009BD29F /* Release */,
			);
			defaultConfigurationIsVisible = 0;
			defaultConfigurationName = Release;
		};
		CE8B7A1E21047601009BD29F /* Build configuration list for PBXNativeTarget "IdeaSlotAppTests" */ = {
			isa = XCConfigurationList;
			buildConfigurations = (
				CE8B7A1F21047601009BD29F /* Debug */,
				CE8B7A2021047601009BD29F /* Release */,
			);
			defaultConfigurationIsVisible = 0;
			defaultConfigurationName = Release;
		};
		CE8B7A2121047601009BD29F /* Build configuration list for PBXNativeTarget "IdeaSlotAppUITests" */ = {
			isa = XCConfigurationList;
			buildConfigurations = (
				CE8B7A2221047601009BD29F /* Debug */,
				CE8B7A2321047601009BD29F /* Release */,
			);
			defaultConfigurationIsVisible = 0;
			defaultConfigurationName = Release;
		};
/* End XCConfigurationList section */
	};
	rootObject = CE8B79EB210475FF009BD29F /* Project object */;
}
