// !$*UTF8*$!
{
	archiveVersion = 1;
	classes = {
	};
	objectVersion = 50;
	objects = {

/* Begin PBXBuildFile section */
		CE069470214F61B900D1DCEF /* icons8-plus-40.png in Resources */ = {isa = PBXBuildFile; fileRef = CE06946D214F61B800D1DCEF /* icons8-plus-40.png */; };
		CE069471214F61B900D1DCEF /* icons8-plus-48.png in Resources */ = {isa = PBXBuildFile; fileRef = CE06946E214F61B800D1DCEF /* icons8-plus-48.png */; };
		CE069472214F61B900D1DCEF /* icons8-plus-32.png in Resources */ = {isa = PBXBuildFile; fileRef = CE06946F214F61B900D1DCEF /* icons8-plus-32.png */; };
		CE2697EE210DB7FD00F59F2B /* WordTableViewCell.swift in Sources */ = {isa = PBXBuildFile; fileRef = CE2697ED210DB7FD00F59F2B /* WordTableViewCell.swift */; };
		CE2697F0210DBCA300F59F2B /* WordsItemViewController.swift in Sources */ = {isa = PBXBuildFile; fileRef = CE2697EF210DBCA300F59F2B /* WordsItemViewController.swift */; };
		CE4B2BE2218D627F009A94B2 /* SlideMenuControllerSwift.framework in Frameworks */ = {isa = PBXBuildFile; fileRef = CE4B2BE1218D627F009A94B2 /* SlideMenuControllerSwift.framework */; };
		CE5585832115701600E66A6C /* Idea.swift in Sources */ = {isa = PBXBuildFile; fileRef = CE5585822115701600E66A6C /* Idea.swift */; };
		CE58047D214420C700BEDA1A /* BaseTableViewCell.swift in Sources */ = {isa = PBXBuildFile; fileRef = CE58047A214420C700BEDA1A /* BaseTableViewCell.swift */; };
		CE58048B214432A100BEDA1A /* ic_menu_black_24dp@3x.png in Resources */ = {isa = PBXBuildFile; fileRef = CE580485214432A100BEDA1A /* ic_menu_black_24dp@3x.png */; };
		CE58048E214432A100BEDA1A /* ic_menu_black_24dp@2x.png in Resources */ = {isa = PBXBuildFile; fileRef = CE580488214432A100BEDA1A /* ic_menu_black_24dp@2x.png */; };
		CE580490214432A100BEDA1A /* ic_menu_black_24dp.png in Resources */ = {isa = PBXBuildFile; fileRef = CE58048A214432A100BEDA1A /* ic_menu_black_24dp.png */; };
		CE5A635B212948BC007E4887 /* CategorySeed.swift in Sources */ = {isa = PBXBuildFile; fileRef = CE5A635A212948BC007E4887 /* CategorySeed.swift */; };
		CE5A635D21294E99007E4887 /* RealmInitializer.swift in Sources */ = {isa = PBXBuildFile; fileRef = CE5A635C21294E99007E4887 /* RealmInitializer.swift */; };
		CE5E1F3F211FFE5600523D96 /* LeftMenuViewController.swift in Sources */ = {isa = PBXBuildFile; fileRef = CE5E1F3E211FFE5600523D96 /* LeftMenuViewController.swift */; };
		CE5E1F41211FFE7B00523D96 /* CategoryListViewController.swift in Sources */ = {isa = PBXBuildFile; fileRef = CE5E1F40211FFE7B00523D96 /* CategoryListViewController.swift */; };
		CE5E1F43211FFE8800523D96 /* IdeasListViewController.swift in Sources */ = {isa = PBXBuildFile; fileRef = CE5E1F42211FFE8800523D96 /* IdeasListViewController.swift */; };
		CE7497272143F48100F51E91 /* UIViewController.swift in Sources */ = {isa = PBXBuildFile; fileRef = CE7497262143F48100F51E91 /* UIViewController.swift */; };
		CE7497292143F7D100F51E91 /* UIApplication.swift in Sources */ = {isa = PBXBuildFile; fileRef = CE7497282143F7D100F51E91 /* UIApplication.swift */; };
		CE8B79F7210475FF009BD29F /* AppDelegate.swift in Sources */ = {isa = PBXBuildFile; fileRef = CE8B79F6210475FF009BD29F /* AppDelegate.swift */; };
		CE8B79F9210475FF009BD29F /* WordsListViewController.swift in Sources */ = {isa = PBXBuildFile; fileRef = CE8B79F8210475FF009BD29F /* WordsListViewController.swift */; };
		CE8B79FC210475FF009BD29F /* Main.storyboard in Resources */ = {isa = PBXBuildFile; fileRef = CE8B79FA210475FF009BD29F /* Main.storyboard */; };
		CE8B79FE21047601009BD29F /* Assets.xcassets in Resources */ = {isa = PBXBuildFile; fileRef = CE8B79FD21047601009BD29F /* Assets.xcassets */; };
		CE8B7A0121047601009BD29F /* LaunchScreen.storyboard in Resources */ = {isa = PBXBuildFile; fileRef = CE8B79FF21047601009BD29F /* LaunchScreen.storyboard */; };
		CE8B7A0C21047601009BD29F /* IdeaSlotAppTests.swift in Sources */ = {isa = PBXBuildFile; fileRef = CE8B7A0B21047601009BD29F /* IdeaSlotAppTests.swift */; };
		CE8B7A1721047601009BD29F /* IdeaSlotAppUITests.swift in Sources */ = {isa = PBXBuildFile; fileRef = CE8B7A1621047601009BD29F /* IdeaSlotAppUITests.swift */; };
		CE988D41215D1919000B1345 /* IdeasSlotViewController.swift in Sources */ = {isa = PBXBuildFile; fileRef = CE988D40215D1919000B1345 /* IdeasSlotViewController.swift */; };
		CE988D43215D1F97000B1345 /* IdeaTableViewCell.swift in Sources */ = {isa = PBXBuildFile; fileRef = CE988D42215D1F97000B1345 /* IdeaTableViewCell.swift */; };
		CED3DB1F215F5939008B6A0D /* IdeaDetailViewController.swift in Sources */ = {isa = PBXBuildFile; fileRef = CED3DB1E215F5939008B6A0D /* IdeaDetailViewController.swift */; };
		CEE38EAB2180BAE300BBD07F /* DropDown.framework in Frameworks */ = {isa = PBXBuildFile; fileRef = CEE38EA72180BAE300BBD07F /* DropDown.framework */; };
		CEE38EAC2180BAE300BBD07F /* Realm.framework in Frameworks */ = {isa = PBXBuildFile; fileRef = CEE38EA82180BAE300BBD07F /* Realm.framework */; };
		CEE38EAD2180BAE300BBD07F /* RealmSwift.framework in Frameworks */ = {isa = PBXBuildFile; fileRef = CEE38EA92180BAE300BBD07F /* RealmSwift.framework */; };
		CEEDE3ED2143929C00D05F61 /* SlideMenuViewController.swift in Sources */ = {isa = PBXBuildFile; fileRef = CEEDE3EC2143929C00D05F61 /* SlideMenuViewController.swift */; };
		CEEF4A96215204F5007CFCC1 /* CategoryTableViewCell.swift in Sources */ = {isa = PBXBuildFile; fileRef = CEEF4A95215204F5007CFCC1 /* CategoryTableViewCell.swift */; };
		CEEF4A98215207C5007CFCC1 /* CategoryItemViewController.swift in Sources */ = {isa = PBXBuildFile; fileRef = CEEF4A97215207C5007CFCC1 /* CategoryItemViewController.swift */; };
		CEEF4A9A21520D28007CFCC1 /* RealmCommonLogic.swift in Sources */ = {isa = PBXBuildFile; fileRef = CEEF4A9921520D28007CFCC1 /* RealmCommonLogic.swift */; };
/* End PBXBuildFile section */

/* Begin PBXContainerItemProxy section */
		CE8B7A0821047601009BD29F /* PBXContainerItemProxy */ = {
			isa = PBXContainerItemProxy;
			containerPortal = CE8B79EB210475FF009BD29F /* Project object */;
			proxyType = 1;
			remoteGlobalIDString = CE8B79F2210475FF009BD29F;
			remoteInfo = IdeaSlotApp;
		};
		CE8B7A1321047601009BD29F /* PBXContainerItemProxy */ = {
			isa = PBXContainerItemProxy;
			containerPortal = CE8B79EB210475FF009BD29F /* Project object */;
			proxyType = 1;
			remoteGlobalIDString = CE8B79F2210475FF009BD29F;
			remoteInfo = IdeaSlotApp;
		};
/* End PBXContainerItemProxy section */

/* Begin PBXFileReference section */
		CE06946D214F61B800D1DCEF /* icons8-plus-40.png */ = {isa = PBXFileReference; lastKnownFileType = image.png; path = "icons8-plus-40.png"; sourceTree = "<group>"; };
		CE06946E214F61B800D1DCEF /* icons8-plus-48.png */ = {isa = PBXFileReference; lastKnownFileType = image.png; path = "icons8-plus-48.png"; sourceTree = "<group>"; };
		CE06946F214F61B900D1DCEF /* icons8-plus-32.png */ = {isa = PBXFileReference; lastKnownFileType = image.png; path = "icons8-plus-32.png"; sourceTree = "<group>"; };
		CE2697E5210DB23200F59F2B /* CoreData.framework */ = {isa = PBXFileReference; lastKnownFileType = wrapper.framework; name = CoreData.framework; path = System/Library/Frameworks/CoreData.framework; sourceTree = SDKROOT; };
		CE2697ED210DB7FD00F59F2B /* WordTableViewCell.swift */ = {isa = PBXFileReference; lastKnownFileType = sourcecode.swift; path = WordTableViewCell.swift; sourceTree = "<group>"; };
		CE2697EF210DBCA300F59F2B /* WordsItemViewController.swift */ = {isa = PBXFileReference; lastKnownFileType = sourcecode.swift; path = WordsItemViewController.swift; sourceTree = "<group>"; };
		CE4B2BE1218D627F009A94B2 /* SlideMenuControllerSwift.framework */ = {isa = PBXFileReference; lastKnownFileType = wrapper.framework; name = SlideMenuControllerSwift.framework; path = Carthage/Build/iOS/SlideMenuControllerSwift.framework; sourceTree = "<group>"; };
		CE5585822115701600E66A6C /* Idea.swift */ = {isa = PBXFileReference; lastKnownFileType = sourcecode.swift; path = Idea.swift; sourceTree = "<group>"; };
		CE58047A214420C700BEDA1A /* BaseTableViewCell.swift */ = {isa = PBXFileReference; fileEncoding = 4; lastKnownFileType = sourcecode.swift; path = BaseTableViewCell.swift; sourceTree = "<group>"; };
		CE580485214432A100BEDA1A /* ic_menu_black_24dp@3x.png */ = {isa = PBXFileReference; lastKnownFileType = image.png; path = "ic_menu_black_24dp@3x.png"; sourceTree = "<group>"; };
		CE580488214432A100BEDA1A /* ic_menu_black_24dp@2x.png */ = {isa = PBXFileReference; lastKnownFileType = image.png; path = "ic_menu_black_24dp@2x.png"; sourceTree = "<group>"; };
		CE58048A214432A100BEDA1A /* ic_menu_black_24dp.png */ = {isa = PBXFileReference; lastKnownFileType = image.png; path = ic_menu_black_24dp.png; sourceTree = "<group>"; };
		CE5A635A212948BC007E4887 /* CategorySeed.swift */ = {isa = PBXFileReference; lastKnownFileType = sourcecode.swift; path = CategorySeed.swift; sourceTree = "<group>"; };
		CE5A635C21294E99007E4887 /* RealmInitializer.swift */ = {isa = PBXFileReference; lastKnownFileType = sourcecode.swift; path = RealmInitializer.swift; sourceTree = "<group>"; };
		CE5E1F3E211FFE5600523D96 /* LeftMenuViewController.swift */ = {isa = PBXFileReference; lastKnownFileType = sourcecode.swift; path = LeftMenuViewController.swift; sourceTree = "<group>"; };
		CE5E1F40211FFE7B00523D96 /* CategoryListViewController.swift */ = {isa = PBXFileReference; lastKnownFileType = sourcecode.swift; path = CategoryListViewController.swift; sourceTree = "<group>"; };
		CE5E1F42211FFE8800523D96 /* IdeasListViewController.swift */ = {isa = PBXFileReference; lastKnownFileType = sourcecode.swift; path = IdeasListViewController.swift; sourceTree = "<group>"; };
		CE7497262143F48100F51E91 /* UIViewController.swift */ = {isa = PBXFileReference; lastKnownFileType = sourcecode.swift; path = UIViewController.swift; sourceTree = "<group>"; };
		CE7497282143F7D100F51E91 /* UIApplication.swift */ = {isa = PBXFileReference; lastKnownFileType = sourcecode.swift; path = UIApplication.swift; sourceTree = "<group>"; };
		CE8B79F3210475FF009BD29F /* IdeaSlotApp.app */ = {isa = PBXFileReference; explicitFileType = wrapper.application; includeInIndex = 0; path = IdeaSlotApp.app; sourceTree = BUILT_PRODUCTS_DIR; };
		CE8B79F6210475FF009BD29F /* AppDelegate.swift */ = {isa = PBXFileReference; lastKnownFileType = sourcecode.swift; path = AppDelegate.swift; sourceTree = "<group>"; };
		CE8B79F8210475FF009BD29F /* WordsListViewController.swift */ = {isa = PBXFileReference; lastKnownFileType = sourcecode.swift; path = WordsListViewController.swift; sourceTree = "<group>"; };
		CE8B79FB210475FF009BD29F /* Base */ = {isa = PBXFileReference; lastKnownFileType = file.storyboard; name = Base; path = Base.lproj/Main.storyboard; sourceTree = "<group>"; };
		CE8B79FD21047601009BD29F /* Assets.xcassets */ = {isa = PBXFileReference; lastKnownFileType = folder.assetcatalog; path = Assets.xcassets; sourceTree = "<group>"; };
		CE8B7A0021047601009BD29F /* Base */ = {isa = PBXFileReference; lastKnownFileType = file.storyboard; name = Base; path = Base.lproj/LaunchScreen.storyboard; sourceTree = "<group>"; };
		CE8B7A0221047601009BD29F /* Info.plist */ = {isa = PBXFileReference; lastKnownFileType = text.plist.xml; path = Info.plist; sourceTree = "<group>"; };
		CE8B7A0721047601009BD29F /* IdeaSlotAppTests.xctest */ = {isa = PBXFileReference; explicitFileType = wrapper.cfbundle; includeInIndex = 0; path = IdeaSlotAppTests.xctest; sourceTree = BUILT_PRODUCTS_DIR; };
		CE8B7A0B21047601009BD29F /* IdeaSlotAppTests.swift */ = {isa = PBXFileReference; lastKnownFileType = sourcecode.swift; path = IdeaSlotAppTests.swift; sourceTree = "<group>"; };
		CE8B7A0D21047601009BD29F /* Info.plist */ = {isa = PBXFileReference; lastKnownFileType = text.plist.xml; path = Info.plist; sourceTree = "<group>"; };
		CE8B7A1221047601009BD29F /* IdeaSlotAppUITests.xctest */ = {isa = PBXFileReference; explicitFileType = wrapper.cfbundle; includeInIndex = 0; path = IdeaSlotAppUITests.xctest; sourceTree = BUILT_PRODUCTS_DIR; };
		CE8B7A1621047601009BD29F /* IdeaSlotAppUITests.swift */ = {isa = PBXFileReference; lastKnownFileType = sourcecode.swift; path = IdeaSlotAppUITests.swift; sourceTree = "<group>"; };
		CE8B7A1821047601009BD29F /* Info.plist */ = {isa = PBXFileReference; lastKnownFileType = text.plist.xml; path = Info.plist; sourceTree = "<group>"; };
		CE988D40215D1919000B1345 /* IdeasSlotViewController.swift */ = {isa = PBXFileReference; lastKnownFileType = sourcecode.swift; path = IdeasSlotViewController.swift; sourceTree = "<group>"; };
		CE988D42215D1F97000B1345 /* IdeaTableViewCell.swift */ = {isa = PBXFileReference; lastKnownFileType = sourcecode.swift; path = IdeaTableViewCell.swift; sourceTree = "<group>"; };
		CED3DB1E215F5939008B6A0D /* IdeaDetailViewController.swift */ = {isa = PBXFileReference; lastKnownFileType = sourcecode.swift; path = IdeaDetailViewController.swift; sourceTree = "<group>"; };
		CEE38EA72180BAE300BBD07F /* DropDown.framework */ = {isa = PBXFileReference; lastKnownFileType = wrapper.framework; name = DropDown.framework; path = Carthage/Build/iOS/DropDown.framework; sourceTree = "<group>"; };
		CEE38EA82180BAE300BBD07F /* Realm.framework */ = {isa = PBXFileReference; lastKnownFileType = wrapper.framework; name = Realm.framework; path = Carthage/Build/iOS/Realm.framework; sourceTree = "<group>"; };
		CEE38EA92180BAE300BBD07F /* RealmSwift.framework */ = {isa = PBXFileReference; lastKnownFileType = wrapper.framework; name = RealmSwift.framework; path = Carthage/Build/iOS/RealmSwift.framework; sourceTree = "<group>"; };
		CEEDE3EC2143929C00D05F61 /* SlideMenuViewController.swift */ = {isa = PBXFileReference; lastKnownFileType = sourcecode.swift; path = SlideMenuViewController.swift; sourceTree = "<group>"; };
		CEEF4A95215204F5007CFCC1 /* CategoryTableViewCell.swift */ = {isa = PBXFileReference; lastKnownFileType = sourcecode.swift; path = CategoryTableViewCell.swift; sourceTree = "<group>"; };
		CEEF4A97215207C5007CFCC1 /* CategoryItemViewController.swift */ = {isa = PBXFileReference; lastKnownFileType = sourcecode.swift; path = CategoryItemViewController.swift; sourceTree = "<group>"; };
		CEEF4A9921520D28007CFCC1 /* RealmCommonLogic.swift */ = {isa = PBXFileReference; lastKnownFileType = sourcecode.swift; path = RealmCommonLogic.swift; sourceTree = "<group>"; };
/* End PBXFileReference section */

/* Begin PBXFrameworksBuildPhase section */
		CE8B79F0210475FF009BD29F /* Frameworks */ = {
			isa = PBXFrameworksBuildPhase;
			buildActionMask = 2147483647;
			files = (
				CE4B2BE2218D627F009A94B2 /* SlideMenuControllerSwift.framework in Frameworks */,
				CEE38EAB2180BAE300BBD07F /* DropDown.framework in Frameworks */,
				CEE38EAC2180BAE300BBD07F /* Realm.framework in Frameworks */,
				CEE38EAD2180BAE300BBD07F /* RealmSwift.framework in Frameworks */,
			);
			runOnlyForDeploymentPostprocessing = 0;
		};
		CE8B7A0421047601009BD29F /* Frameworks */ = {
			isa = PBXFrameworksBuildPhase;
			buildActionMask = 2147483647;
			files = (
			);
			runOnlyForDeploymentPostprocessing = 0;
		};
		CE8B7A0F21047601009BD29F /* Frameworks */ = {
			isa = PBXFrameworksBuildPhase;
			buildActionMask = 2147483647;
			files = (
			);
			runOnlyForDeploymentPostprocessing = 0;
		};
/* End PBXFrameworksBuildPhase section */

/* Begin PBXGroup section */
		CE5585842115739E00E66A6C /* Classes */ = {
			isa = PBXGroup;
			children = (
				CE8B79F6210475FF009BD29F /* AppDelegate.swift */,
				CE558587211573E000E66A6C /* ViewController */,
				CE558586211573D600E66A6C /* View */,
				CE7497252143F44900F51E91 /* Extention */,
			);
			path = Classes;
			sourceTree = "<group>";
		};
		CE558585211573B400E66A6C /* Others */ = {
			isa = PBXGroup;
			children = (
				CE8B7A0221047601009BD29F /* Info.plist */,
			);
			path = Others;
			sourceTree = "<group>";
		};
		CE558586211573D600E66A6C /* View */ = {
			isa = PBXGroup;
			children = (
				CE5804762144206B00BEDA1A /* TableViewCell */,
			);
			path = View;
			sourceTree = "<group>";
		};
		CE558587211573E000E66A6C /* ViewController */ = {
			isa = PBXGroup;
			children = (
				CE5E1F3E211FFE5600523D96 /* LeftMenuViewController.swift */,
				CE8B79F8210475FF009BD29F /* WordsListViewController.swift */,
				CE2697EF210DBCA300F59F2B /* WordsItemViewController.swift */,
				CE5E1F40211FFE7B00523D96 /* CategoryListViewController.swift */,
				CEEF4A97215207C5007CFCC1 /* CategoryItemViewController.swift */,
				CE5E1F42211FFE8800523D96 /* IdeasListViewController.swift */,
				CE988D40215D1919000B1345 /* IdeasSlotViewController.swift */,
				CED3DB1E215F5939008B6A0D /* IdeaDetailViewController.swift */,
				CEEDE3EC2143929C00D05F61 /* SlideMenuViewController.swift */,
			);
			path = ViewController;
			sourceTree = "<group>";
		};
		CE5804762144206B00BEDA1A /* TableViewCell */ = {
			isa = PBXGroup;
			children = (
				CE58047A214420C700BEDA1A /* BaseTableViewCell.swift */,
				CE2697ED210DB7FD00F59F2B /* WordTableViewCell.swift */,
				CEEF4A95215204F5007CFCC1 /* CategoryTableViewCell.swift */,
				CE988D42215D1F97000B1345 /* IdeaTableViewCell.swift */,
			);
			path = TableViewCell;
			sourceTree = "<group>";
		};
		CE5804842144326800BEDA1A /* icon */ = {
			isa = PBXGroup;
			children = (
				CE06946F214F61B900D1DCEF /* icons8-plus-32.png */,
				CE06946D214F61B800D1DCEF /* icons8-plus-40.png */,
				CE06946E214F61B800D1DCEF /* icons8-plus-48.png */,
				CE58048A214432A100BEDA1A /* ic_menu_black_24dp.png */,
				CE580488214432A100BEDA1A /* ic_menu_black_24dp@2x.png */,
				CE580485214432A100BEDA1A /* ic_menu_black_24dp@3x.png */,
			);
			path = icon;
			sourceTree = "<group>";
		};
		CE7497252143F44900F51E91 /* Extention */ = {
			isa = PBXGroup;
			children = (
				CE7497282143F7D100F51E91 /* UIApplication.swift */,
				CE7497262143F48100F51E91 /* UIViewController.swift */,
			);
			path = Extention;
			sourceTree = "<group>";
		};
		CE78631A2116E54C0053B87B /* Model */ = {
			isa = PBXGroup;
			children = (
				CE5585822115701600E66A6C /* Idea.swift */,
				CE5A635A212948BC007E4887 /* CategorySeed.swift */,
				CE5A635C21294E99007E4887 /* RealmInitializer.swift */,
				CEEF4A9921520D28007CFCC1 /* RealmCommonLogic.swift */,
			);
			path = Model;
			sourceTree = "<group>";
		};
		CE78631B2116E5570053B87B /* Resource */ = {
			isa = PBXGroup;
			children = (
				CE5804842144326800BEDA1A /* icon */,
				CE8B79FD21047601009BD29F /* Assets.xcassets */,
			);
			path = Resource;
			sourceTree = "<group>";
		};
		CE78631C2116E5C60053B87B /* UI */ = {
			isa = PBXGroup;
			children = (
				CE78631D2116E5CC0053B87B /* Storyboard */,
			);
			path = UI;
			sourceTree = "<group>";
		};
		CE78631D2116E5CC0053B87B /* Storyboard */ = {
			isa = PBXGroup;
			children = (
				CE8B79FA210475FF009BD29F /* Main.storyboard */,
				CE8B79FF21047601009BD29F /* LaunchScreen.storyboard */,
			);
			path = Storyboard;
			sourceTree = "<group>";
		};
		CE8B79EA210475FF009BD29F = {
			isa = PBXGroup;
			children = (
				CE8B79F5210475FF009BD29F /* IdeaSlotApp */,
				CE8B7A0A21047601009BD29F /* IdeaSlotAppTests */,
				CE8B7A1521047601009BD29F /* IdeaSlotAppUITests */,
				CE8B79F4210475FF009BD29F /* Products */,
				F44F1094BD83EC84BD744B8A /* Frameworks */,
			);
			sourceTree = "<group>";
		};
		CE8B79F4210475FF009BD29F /* Products */ = {
			isa = PBXGroup;
			children = (
				CE8B79F3210475FF009BD29F /* IdeaSlotApp.app */,
				CE8B7A0721047601009BD29F /* IdeaSlotAppTests.xctest */,
				CE8B7A1221047601009BD29F /* IdeaSlotAppUITests.xctest */,
			);
			name = Products;
			sourceTree = "<group>";
		};
		CE8B79F5210475FF009BD29F /* IdeaSlotApp */ = {
			isa = PBXGroup;
			children = (
				CE78631C2116E5C60053B87B /* UI */,
				CE78631B2116E5570053B87B /* Resource */,
				CE78631A2116E54C0053B87B /* Model */,
				CE558585211573B400E66A6C /* Others */,
				CE5585842115739E00E66A6C /* Classes */,
			);
			path = IdeaSlotApp;
			sourceTree = "<group>";
		};
		CE8B7A0A21047601009BD29F /* IdeaSlotAppTests */ = {
			isa = PBXGroup;
			children = (
				CE8B7A0B21047601009BD29F /* IdeaSlotAppTests.swift */,
				CE8B7A0D21047601009BD29F /* Info.plist */,
			);
			path = IdeaSlotAppTests;
			sourceTree = "<group>";
		};
		CE8B7A1521047601009BD29F /* IdeaSlotAppUITests */ = {
			isa = PBXGroup;
			children = (
				CE8B7A1621047601009BD29F /* IdeaSlotAppUITests.swift */,
				CE8B7A1821047601009BD29F /* Info.plist */,
			);
			path = IdeaSlotAppUITests;
			sourceTree = "<group>";
		};
		F44F1094BD83EC84BD744B8A /* Frameworks */ = {
			isa = PBXGroup;
			children = (
				CE4B2BE1218D627F009A94B2 /* SlideMenuControllerSwift.framework */,
				CEE38EA72180BAE300BBD07F /* DropDown.framework */,
				CEE38EA82180BAE300BBD07F /* Realm.framework */,
				CEE38EA92180BAE300BBD07F /* RealmSwift.framework */,
				CE2697E5210DB23200F59F2B /* CoreData.framework */,
			);
			name = Frameworks;
			sourceTree = "<group>";
		};
/* End PBXGroup section */

/* Begin PBXNativeTarget section */
		CE8B79F2210475FF009BD29F /* IdeaSlotApp */ = {
			isa = PBXNativeTarget;
			buildConfigurationList = CE8B7A1B21047601009BD29F /* Build configuration list for PBXNativeTarget "IdeaSlotApp" */;
			buildPhases = (
				CE8B79EF210475FF009BD29F /* Sources */,
				CE8B79F0210475FF009BD29F /* Frameworks */,
				CE8B79F1210475FF009BD29F /* Resources */,
				CEE38EAF2180BB0900BBD07F /* ShellScript */,
			);
			buildRules = (
			);
			dependencies = (
			);
			name = IdeaSlotApp;
			productName = IdeaSlotApp;
			productReference = CE8B79F3210475FF009BD29F /* IdeaSlotApp.app */;
			productType = "com.apple.product-type.application";
		};
		CE8B7A0621047601009BD29F /* IdeaSlotAppTests */ = {
			isa = PBXNativeTarget;
			buildConfigurationList = CE8B7A1E21047601009BD29F /* Build configuration list for PBXNativeTarget "IdeaSlotAppTests" */;
			buildPhases = (
				9BBA414AE026AB0C0ACD60FA /* [CP] Check Pods Manifest.lock */,
				CE8B7A0321047601009BD29F /* Sources */,
				CE8B7A0421047601009BD29F /* Frameworks */,
				CE8B7A0521047601009BD29F /* Resources */,
			);
			buildRules = (
			);
			dependencies = (
				CE8B7A0921047601009BD29F /* PBXTargetDependency */,
			);
			name = IdeaSlotAppTests;
			productName = IdeaSlotAppTests;
			productReference = CE8B7A0721047601009BD29F /* IdeaSlotAppTests.xctest */;
			productType = "com.apple.product-type.bundle.unit-test";
		};
		CE8B7A1121047601009BD29F /* IdeaSlotAppUITests */ = {
			isa = PBXNativeTarget;
			buildConfigurationList = CE8B7A2121047601009BD29F /* Build configuration list for PBXNativeTarget "IdeaSlotAppUITests" */;
			buildPhases = (
				205B725D6A86DA6868C81BCC /* [CP] Check Pods Manifest.lock */,
				CE8B7A0E21047601009BD29F /* Sources */,
				CE8B7A0F21047601009BD29F /* Frameworks */,
				CE8B7A1021047601009BD29F /* Resources */,
			);
			buildRules = (
			);
			dependencies = (
				CE8B7A1421047601009BD29F /* PBXTargetDependency */,
			);
			name = IdeaSlotAppUITests;
			productName = IdeaSlotAppUITests;
			productReference = CE8B7A1221047601009BD29F /* IdeaSlotAppUITests.xctest */;
			productType = "com.apple.product-type.bundle.ui-testing";
		};
/* End PBXNativeTarget section */

/* Begin PBXProject section */
		CE8B79EB210475FF009BD29F /* Project object */ = {
			isa = PBXProject;
			attributes = {
				LastSwiftUpdateCheck = 0940;
				LastUpgradeCheck = 0940;
				ORGANIZATIONNAME = "yuta akazawa";
				TargetAttributes = {
					CE8B79F2210475FF009BD29F = {
						CreatedOnToolsVersion = 9.4.1;
						LastSwiftMigration = 0940;
					};
					CE8B7A0621047601009BD29F = {
						CreatedOnToolsVersion = 9.4.1;
						TestTargetID = CE8B79F2210475FF009BD29F;
					};
					CE8B7A1121047601009BD29F = {
						CreatedOnToolsVersion = 9.4.1;
						TestTargetID = CE8B79F2210475FF009BD29F;
					};
				};
			};
			buildConfigurationList = CE8B79EE210475FF009BD29F /* Build configuration list for PBXProject "IdeaSlotApp" */;
			compatibilityVersion = "Xcode 9.3";
			developmentRegion = en;
			hasScannedForEncodings = 0;
			knownRegions = (
				en,
				Base,
			);
			mainGroup = CE8B79EA210475FF009BD29F;
			productRefGroup = CE8B79F4210475FF009BD29F /* Products */;
			projectDirPath = "";
			projectRoot = "";
			targets = (
				CE8B79F2210475FF009BD29F /* IdeaSlotApp */,
				CE8B7A0621047601009BD29F /* IdeaSlotAppTests */,
				CE8B7A1121047601009BD29F /* IdeaSlotAppUITests */,
			);
		};
/* End PBXProject section */

/* Begin PBXResourcesBuildPhase section */
		CE8B79F1210475FF009BD29F /* Resources */ = {
			isa = PBXResourcesBuildPhase;
			buildActionMask = 2147483647;
			files = (
				CE58048B214432A100BEDA1A /* ic_menu_black_24dp@3x.png in Resources */,
				CE580490214432A100BEDA1A /* ic_menu_black_24dp.png in Resources */,
				CE069471214F61B900D1DCEF /* icons8-plus-48.png in Resources */,
				CE8B7A0121047601009BD29F /* LaunchScreen.storyboard in Resources */,
				CE069472214F61B900D1DCEF /* icons8-plus-32.png in Resources */,
				CE069470214F61B900D1DCEF /* icons8-plus-40.png in Resources */,
				CE58048E214432A100BEDA1A /* ic_menu_black_24dp@2x.png in Resources */,
				CE8B79FE21047601009BD29F /* Assets.xcassets in Resources */,
				CE8B79FC210475FF009BD29F /* Main.storyboard in Resources */,
			);
			runOnlyForDeploymentPostprocessing = 0;
		};
		CE8B7A0521047601009BD29F /* Resources */ = {
			isa = PBXResourcesBuildPhase;
			buildActionMask = 2147483647;
			files = (
			);
			runOnlyForDeploymentPostprocessing = 0;
		};
		CE8B7A1021047601009BD29F /* Resources */ = {
			isa = PBXResourcesBuildPhase;
			buildActionMask = 2147483647;
			files = (
			);
			runOnlyForDeploymentPostprocessing = 0;
		};
/* End PBXResourcesBuildPhase section */

/* Begin PBXShellScriptBuildPhase section */
		205B725D6A86DA6868C81BCC /* [CP] Check Pods Manifest.lock */ = {
			isa = PBXShellScriptBuildPhase;
			buildActionMask = 2147483647;
			files = (
			);
			inputPaths = (
				"${PODS_PODFILE_DIR_PATH}/Podfile.lock",
				"${PODS_ROOT}/Manifest.lock",
			);
			name = "[CP] Check Pods Manifest.lock";
			outputPaths = (
				"$(DERIVED_FILE_DIR)/Pods-IdeaSlotAppUITests-checkManifestLockResult.txt",
			);
			runOnlyForDeploymentPostprocessing = 0;
			shellPath = /bin/sh;
			shellScript = "diff \"${PODS_PODFILE_DIR_PATH}/Podfile.lock\" \"${PODS_ROOT}/Manifest.lock\" > /dev/null\nif [ $? != 0 ] ; then\n    # print error to STDERR\n    echo \"error: The sandbox is not in sync with the Podfile.lock. Run 'pod install' or update your CocoaPods installation.\" >&2\n    exit 1\nfi\n# This output is used by Xcode 'outputs' to avoid re-running this script phase.\necho \"SUCCESS\" > \"${SCRIPT_OUTPUT_FILE_0}\"\n";
			showEnvVarsInLog = 0;
		};
		9BBA414AE026AB0C0ACD60FA /* [CP] Check Pods Manifest.lock */ = {
			isa = PBXShellScriptBuildPhase;
			buildActionMask = 2147483647;
			files = (
			);
			inputPaths = (
				"${PODS_PODFILE_DIR_PATH}/Podfile.lock",
				"${PODS_ROOT}/Manifest.lock",
			);
			name = "[CP] Check Pods Manifest.lock";
			outputPaths = (
				"$(DERIVED_FILE_DIR)/Pods-IdeaSlotAppTests-checkManifestLockResult.txt",
			);
			runOnlyForDeploymentPostprocessing = 0;
			shellPath = /bin/sh;
			shellScript = "diff \"${PODS_PODFILE_DIR_PATH}/Podfile.lock\" \"${PODS_ROOT}/Manifest.lock\" > /dev/null\nif [ $? != 0 ] ; then\n    # print error to STDERR\n    echo \"error: The sandbox is not in sync with the Podfile.lock. Run 'pod install' or update your CocoaPods installation.\" >&2\n    exit 1\nfi\n# This output is used by Xcode 'outputs' to avoid re-running this script phase.\necho \"SUCCESS\" > \"${SCRIPT_OUTPUT_FILE_0}\"\n";
			showEnvVarsInLog = 0;
		};
		CEE38EAF2180BB0900BBD07F /* ShellScript */ = {
			isa = PBXShellScriptBuildPhase;
			buildActionMask = 2147483647;
			files = (
			);
			inputFileListPaths = (
			);
			inputPaths = (
				"$(SRCROOT)/Carthage/Build/iOS/Realm.framework",
				"$(SRCROOT)/Carthage/Build/iOS/RealmSwift.framework",
				"$(SRCROOT)/Carthage/Build/iOS/SlideMenuControllerSwift.framework",
				"$(SRCROOT)/Carthage/Build/iOS/DropDown.framework",
			);
			outputFileListPaths = (
			);
			outputPaths = (
			);
			runOnlyForDeploymentPostprocessing = 0;
			shellPath = /bin/sh;
			shellScript = "# Type a script or drag a script file from your workspace to insert its path.\n/usr/local/bin/carthage copy-frameworks\n";
		};
/* End PBXShellScriptBuildPhase section */

/* Begin PBXSourcesBuildPhase section */
		CE8B79EF210475FF009BD29F /* Sources */ = {
			isa = PBXSourcesBuildPhase;
			buildActionMask = 2147483647;
			files = (
				CE7497292143F7D100F51E91 /* UIApplication.swift in Sources */,
				CE8B79F9210475FF009BD29F /* WordsListViewController.swift in Sources */,
				CE5585832115701600E66A6C /* Idea.swift in Sources */,
				CE2697F0210DBCA300F59F2B /* WordsItemViewController.swift in Sources */,
				CE988D41215D1919000B1345 /* IdeasSlotViewController.swift in Sources */,
				CE58047D214420C700BEDA1A /* BaseTableViewCell.swift in Sources */,
				CED3DB1F215F5939008B6A0D /* IdeaDetailViewController.swift in Sources */,
				CEEDE3ED2143929C00D05F61 /* SlideMenuViewController.swift in Sources */,
				CE5E1F41211FFE7B00523D96 /* CategoryListViewController.swift in Sources */,
				CE2697EE210DB7FD00F59F2B /* WordTableViewCell.swift in Sources */,
				CE8B79F7210475FF009BD29F /* AppDelegate.swift in Sources */,
				CE5A635B212948BC007E4887 /* CategorySeed.swift in Sources */,
				CE5E1F43211FFE8800523D96 /* IdeasListViewController.swift in Sources */,
				CE988D43215D1F97000B1345 /* IdeaTableViewCell.swift in Sources */,
				CEEF4A98215207C5007CFCC1 /* CategoryItemViewController.swift in Sources */,
				CEEF4A96215204F5007CFCC1 /* CategoryTableViewCell.swift in Sources */,
				CE5E1F3F211FFE5600523D96 /* LeftMenuViewController.swift in Sources */,
				CE5A635D21294E99007E4887 /* RealmInitializer.swift in Sources */,
				CEEF4A9A21520D28007CFCC1 /* RealmCommonLogic.swift in Sources */,
				CE7497272143F48100F51E91 /* UIViewController.swift in Sources */,
			);
			runOnlyForDeploymentPostprocessing = 0;
		};
		CE8B7A0321047601009BD29F /* Sources */ = {
			isa = PBXSourcesBuildPhase;
			buildActionMask = 2147483647;
			files = (
				CE8B7A0C21047601009BD29F /* IdeaSlotAppTests.swift in Sources */,
			);
			runOnlyForDeploymentPostprocessing = 0;
		};
		CE8B7A0E21047601009BD29F /* Sources */ = {
			isa = PBXSourcesBuildPhase;
			buildActionMask = 2147483647;
			files = (
				CE8B7A1721047601009BD29F /* IdeaSlotAppUITests.swift in Sources */,
			);
			runOnlyForDeploymentPostprocessing = 0;
		};
/* End PBXSourcesBuildPhase section */

/* Begin PBXTargetDependency section */
		CE8B7A0921047601009BD29F /* PBXTargetDependency */ = {
			isa = PBXTargetDependency;
			target = CE8B79F2210475FF009BD29F /* IdeaSlotApp */;
			targetProxy = CE8B7A0821047601009BD29F /* PBXContainerItemProxy */;
		};
		CE8B7A1421047601009BD29F /* PBXTargetDependency */ = {
			isa = PBXTargetDependency;
			target = CE8B79F2210475FF009BD29F /* IdeaSlotApp */;
			targetProxy = CE8B7A1321047601009BD29F /* PBXContainerItemProxy */;
		};
/* End PBXTargetDependency section */

/* Begin PBXVariantGroup section */
		CE8B79FA210475FF009BD29F /* Main.storyboard */ = {
			isa = PBXVariantGroup;
			children = (
				CE8B79FB210475FF009BD29F /* Base */,
			);
			name = Main.storyboard;
			sourceTree = "<group>";
		};
		CE8B79FF21047601009BD29F /* LaunchScreen.storyboard */ = {
			isa = PBXVariantGroup;
			children = (
				CE8B7A0021047601009BD29F /* Base */,
			);
			name = LaunchScreen.storyboard;
			sourceTree = "<group>";
		};
/* End PBXVariantGroup section */

/* Begin XCBuildConfiguration section */
		CE8B7A1921047601009BD29F /* Debug */ = {
			isa = XCBuildConfiguration;
			buildSettings = {
				ALWAYS_SEARCH_USER_PATHS = NO;
				CLANG_ANALYZER_NONNULL = YES;
				CLANG_ANALYZER_NUMBER_OBJECT_CONVERSION = YES_AGGRESSIVE;
				CLANG_CXX_LANGUAGE_STANDARD = "gnu++14";
				CLANG_CXX_LIBRARY = "libc++";
				CLANG_ENABLE_MODULES = YES;
				CLANG_ENABLE_OBJC_ARC = YES;
				CLANG_ENABLE_OBJC_WEAK = YES;
				CLANG_WARN_BLOCK_CAPTURE_AUTORELEASING = YES;
				CLANG_WARN_BOOL_CONVERSION = YES;
				CLANG_WARN_COMMA = YES;
				CLANG_WARN_CONSTANT_CONVERSION = YES;
				CLANG_WARN_DEPRECATED_OBJC_IMPLEMENTATIONS = YES;
				CLANG_WARN_DIRECT_OBJC_ISA_USAGE = YES_ERROR;
				CLANG_WARN_DOCUMENTATION_COMMENTS = YES;
				CLANG_WARN_EMPTY_BODY = YES;
				CLANG_WARN_ENUM_CONVERSION = YES;
				CLANG_WARN_INFINITE_RECURSION = YES;
				CLANG_WARN_INT_CONVERSION = YES;
				CLANG_WARN_NON_LITERAL_NULL_CONVERSION = YES;
				CLANG_WARN_OBJC_IMPLICIT_RETAIN_SELF = YES;
				CLANG_WARN_OBJC_LITERAL_CONVERSION = YES;
				CLANG_WARN_OBJC_ROOT_CLASS = YES_ERROR;
				CLANG_WARN_RANGE_LOOP_ANALYSIS = YES;
				CLANG_WARN_STRICT_PROTOTYPES = YES;
				CLANG_WARN_SUSPICIOUS_MOVE = YES;
				CLANG_WARN_UNGUARDED_AVAILABILITY = YES_AGGRESSIVE;
				CLANG_WARN_UNREACHABLE_CODE = YES;
				CLANG_WARN__DUPLICATE_METHOD_MATCH = YES;
				CODE_SIGN_IDENTITY = "iPhone Developer";
				COPY_PHASE_STRIP = NO;
				DEBUG_INFORMATION_FORMAT = dwarf;
				ENABLE_STRICT_OBJC_MSGSEND = YES;
				ENABLE_TESTABILITY = YES;
				GCC_C_LANGUAGE_STANDARD = gnu11;
				GCC_DYNAMIC_NO_PIC = NO;
				GCC_NO_COMMON_BLOCKS = YES;
				GCC_OPTIMIZATION_LEVEL = 0;
				GCC_PREPROCESSOR_DEFINITIONS = (
					"DEBUG=1",
					"$(inherited)",
				);
				GCC_WARN_64_TO_32_BIT_CONVERSION = YES;
				GCC_WARN_ABOUT_RETURN_TYPE = YES_ERROR;
				GCC_WARN_UNDECLARED_SELECTOR = YES;
				GCC_WARN_UNINITIALIZED_AUTOS = YES_AGGRESSIVE;
				GCC_WARN_UNUSED_FUNCTION = YES;
				GCC_WARN_UNUSED_VARIABLE = YES;
				IPHONEOS_DEPLOYMENT_TARGET = 11.4;
				MTL_ENABLE_DEBUG_INFO = YES;
				ONLY_ACTIVE_ARCH = YES;
				SDKROOT = iphoneos;
				SWIFT_ACTIVE_COMPILATION_CONDITIONS = DEBUG;
				SWIFT_OPTIMIZATION_LEVEL = "-Onone";
			};
			name = Debug;
		};
		CE8B7A1A21047601009BD29F /* Release */ = {
			isa = XCBuildConfiguration;
			buildSettings = {
				ALWAYS_SEARCH_USER_PATHS = NO;
				CLANG_ANALYZER_NONNULL = YES;
				CLANG_ANALYZER_NUMBER_OBJECT_CONVERSION = YES_AGGRESSIVE;
				CLANG_CXX_LANGUAGE_STANDARD = "gnu++14";
				CLANG_CXX_LIBRARY = "libc++";
				CLANG_ENABLE_MODULES = YES;
				CLANG_ENABLE_OBJC_ARC = YES;
				CLANG_ENABLE_OBJC_WEAK = YES;
				CLANG_WARN_BLOCK_CAPTURE_AUTORELEASING = YES;
				CLANG_WARN_BOOL_CONVERSION = YES;
				CLANG_WARN_COMMA = YES;
				CLANG_WARN_CONSTANT_CONVERSION = YES;
				CLANG_WARN_DEPRECATED_OBJC_IMPLEMENTATIONS = YES;
				CLANG_WARN_DIRECT_OBJC_ISA_USAGE = YES_ERROR;
				CLANG_WARN_DOCUMENTATION_COMMENTS = YES;
				CLANG_WARN_EMPTY_BODY = YES;
				CLANG_WARN_ENUM_CONVERSION = YES;
				CLANG_WARN_INFINITE_RECURSION = YES;
				CLANG_WARN_INT_CONVERSION = YES;
				CLANG_WARN_NON_LITERAL_NULL_CONVERSION = YES;
				CLANG_WARN_OBJC_IMPLICIT_RETAIN_SELF = YES;
				CLANG_WARN_OBJC_LITERAL_CONVERSION = YES;
				CLANG_WARN_OBJC_ROOT_CLASS = YES_ERROR;
				CLANG_WARN_RANGE_LOOP_ANALYSIS = YES;
				CLANG_WARN_STRICT_PROTOTYPES = YES;
				CLANG_WARN_SUSPICIOUS_MOVE = YES;
				CLANG_WARN_UNGUARDED_AVAILABILITY = YES_AGGRESSIVE;
				CLANG_WARN_UNREACHABLE_CODE = YES;
				CLANG_WARN__DUPLICATE_METHOD_MATCH = YES;
				CODE_SIGN_IDENTITY = "iPhone Developer";
				COPY_PHASE_STRIP = NO;
				DEBUG_INFORMATION_FORMAT = "dwarf-with-dsym";
				ENABLE_NS_ASSERTIONS = NO;
				ENABLE_STRICT_OBJC_MSGSEND = YES;
				GCC_C_LANGUAGE_STANDARD = gnu11;
				GCC_NO_COMMON_BLOCKS = YES;
				GCC_WARN_64_TO_32_BIT_CONVERSION = YES;
				GCC_WARN_ABOUT_RETURN_TYPE = YES_ERROR;
				GCC_WARN_UNDECLARED_SELECTOR = YES;
				GCC_WARN_UNINITIALIZED_AUTOS = YES_AGGRESSIVE;
				GCC_WARN_UNUSED_FUNCTION = YES;
				GCC_WARN_UNUSED_VARIABLE = YES;
				IPHONEOS_DEPLOYMENT_TARGET = 11.4;
				MTL_ENABLE_DEBUG_INFO = NO;
				SDKROOT = iphoneos;
				SWIFT_COMPILATION_MODE = wholemodule;
				SWIFT_OPTIMIZATION_LEVEL = "-O";
				VALIDATE_PRODUCT = YES;
			};
			name = Release;
		};
		CE8B7A1C21047601009BD29F /* Debug */ = {
			isa = XCBuildConfiguration;
			buildSettings = {
				ASSETCATALOG_COMPILER_APPICON_NAME = AppIcon;
				CLANG_ENABLE_MODULES = YES;
				CODE_SIGN_STYLE = Automatic;
				FRAMEWORK_SEARCH_PATHS = (
					"$(inherited)",
					"$(PROJECT_DIR)/Carthage/Build/iOS",
				);
				INFOPLIST_FILE = IdeaSlotApp/Others/Info.plist;
				LD_RUNPATH_SEARCH_PATHS = (
					"$(inherited)",
					"@executable_path/Frameworks",
				);
				PRODUCT_BUNDLE_IDENTIFIER = grief137.IdeaSlotApp;
				PRODUCT_NAME = "$(TARGET_NAME)";
				SWIFT_INSTALL_OBJC_HEADER = NO;
				SWIFT_OBJC_BRIDGING_HEADER = "";
				SWIFT_OPTIMIZATION_LEVEL = "-Onone";
				SWIFT_PRECOMPILE_BRIDGING_HEADER = NO;
				SWIFT_VERSION = 4.2;
				TARGETED_DEVICE_FAMILY = "1,2";
			};
			name = Debug;
		};
		CE8B7A1D21047601009BD29F /* Release */ = {
			isa = XCBuildConfiguration;
			buildSettings = {
				ASSETCATALOG_COMPILER_APPICON_NAME = AppIcon;
				CLANG_ENABLE_MODULES = YES;
				CODE_SIGN_STYLE = Automatic;
				FRAMEWORK_SEARCH_PATHS = (
					"$(inherited)",
					"$(PROJECT_DIR)/Carthage/Build/iOS",
				);
				INFOPLIST_FILE = IdeaSlotApp/Others/Info.plist;
				LD_RUNPATH_SEARCH_PATHS = (
					"$(inherited)",
					"@executable_path/Frameworks",
				);
				PRODUCT_BUNDLE_IDENTIFIER = grief137.IdeaSlotApp;
				PRODUCT_NAME = "$(TARGET_NAME)";
				SWIFT_INSTALL_OBJC_HEADER = NO;
				SWIFT_OBJC_BRIDGING_HEADER = "";
				SWIFT_PRECOMPILE_BRIDGING_HEADER = NO;
				SWIFT_VERSION = 4.2;
				TARGETED_DEVICE_FAMILY = "1,2";
			};
			name = Release;
		};
		CE8B7A1F21047601009BD29F /* Debug */ = {
			isa = XCBuildConfiguration;
			buildSettings = {
				ALWAYS_EMBED_SWIFT_STANDARD_LIBRARIES = YES;
				BUNDLE_LOADER = "$(TEST_HOST)";
				CODE_SIGN_STYLE = Automatic;
				INFOPLIST_FILE = IdeaSlotAppTests/Info.plist;
				LD_RUNPATH_SEARCH_PATHS = (
					"$(inherited)",
					"@executable_path/Frameworks",
					"@loader_path/Frameworks",
				);
				PRODUCT_BUNDLE_IDENTIFIER = grief137.IdeaSlotAppTests;
				PRODUCT_NAME = "$(TARGET_NAME)";
				SWIFT_VERSION = 4.0;
				TARGETED_DEVICE_FAMILY = "1,2";
				TEST_HOST = "$(BUILT_PRODUCTS_DIR)/IdeaSlotApp.app/IdeaSlotApp";
			};
			name = Debug;
		};
		CE8B7A2021047601009BD29F /* Release */ = {
			isa = XCBuildConfiguration;
			buildSettings = {
				ALWAYS_EMBED_SWIFT_STANDARD_LIBRARIES = YES;
				BUNDLE_LOADER = "$(TEST_HOST)";
				CODE_SIGN_STYLE = Automatic;
				INFOPLIST_FILE = IdeaSlotAppTests/Info.plist;
				LD_RUNPATH_SEARCH_PATHS = (
					"$(inherited)",
					"@executable_path/Frameworks",
					"@loader_path/Frameworks",
				);
				PRODUCT_BUNDLE_IDENTIFIER = grief137.IdeaSlotAppTests;
				PRODUCT_NAME = "$(TARGET_NAME)";
				SWIFT_VERSION = 4.0;
				TARGETED_DEVICE_FAMILY = "1,2";
				TEST_HOST = "$(BUILT_PRODUCTS_DIR)/IdeaSlotApp.app/IdeaSlotApp";
			};
			name = Release;
		};
		CE8B7A2221047601009BD29F /* Debug */ = {
			isa = XCBuildConfiguration;
			buildSettings = {
				ALWAYS_EMBED_SWIFT_STANDARD_LIBRARIES = YES;
				CODE_SIGN_STYLE = Automatic;
				INFOPLIST_FILE = IdeaSlotAppUITests/Info.plist;
				LD_RUNPATH_SEARCH_PATHS = (
					"$(inherited)",
					"@executable_path/Frameworks",
					"@loader_path/Frameworks",
				);
				PRODUCT_BUNDLE_IDENTIFIER = grief137.IdeaSlotAppUITests;
				PRODUCT_NAME = "$(TARGET_NAME)";
				SWIFT_VERSION = 4.0;
				TARGETED_DEVICE_FAMILY = "1,2";
				TEST_TARGET_NAME = IdeaSlotApp;
			};
			name = Debug;
		};
		CE8B7A2321047601009BD29F /* Release */ = {
			isa = XCBuildConfiguration;
			buildSettings = {
				ALWAYS_EMBED_SWIFT_STANDARD_LIBRARIES = YES;
				CODE_SIGN_STYLE = Automatic;
				INFOPLIST_FILE = IdeaSlotAppUITests/Info.plist;
				LD_RUNPATH_SEARCH_PATHS = (
					"$(inherited)",
					"@executable_path/Frameworks",
					"@loader_path/Frameworks",
				);
				PRODUCT_BUNDLE_IDENTIFIER = grief137.IdeaSlotAppUITests;
				PRODUCT_NAME = "$(TARGET_NAME)";
				SWIFT_VERSION = 4.0;
				TARGETED_DEVICE_FAMILY = "1,2";
				TEST_TARGET_NAME = IdeaSlotApp;
			};
			name = Release;
		};
/* End XCBuildConfiguration section */

/* Begin XCConfigurationList section */
		CE8B79EE210475FF009BD29F /* Build configuration list for PBXProject "IdeaSlotApp" */ = {
			isa = XCConfigurationList;
			buildConfigurations = (
				CE8B7A1921047601009BD29F /* Debug */,
				CE8B7A1A21047601009BD29F /* Release */,
			);
			defaultConfigurationIsVisible = 0;
			defaultConfigurationName = Release;
		};
		CE8B7A1B21047601009BD29F /* Build configuration list for PBXNativeTarget "IdeaSlotApp" */ = {
			isa = XCConfigurationList;
			buildConfigurations = (
				CE8B7A1C21047601009BD29F /* Debug */,
				CE8B7A1D21047601009BD29F /* Release */,
			);
			defaultConfigurationIsVisible = 0;
			defaultConfigurationName = Release;
		};
		CE8B7A1E21047601009BD29F /* Build configuration list for PBXNativeTarget "IdeaSlotAppTests" */ = {
			isa = XCConfigurationList;
			buildConfigurations = (
				CE8B7A1F21047601009BD29F /* Debug */,
				CE8B7A2021047601009BD29F /* Release */,
			);
			defaultConfigurationIsVisible = 0;
			defaultConfigurationName = Release;
		};
		CE8B7A2121047601009BD29F /* Build configuration list for PBXNativeTarget "IdeaSlotAppUITests" */ = {
			isa = XCConfigurationList;
			buildConfigurations = (
				CE8B7A2221047601009BD29F /* Debug */,
				CE8B7A2321047601009BD29F /* Release */,
			);
			defaultConfigurationIsVisible = 0;
			defaultConfigurationName = Release;
		};
/* End XCConfigurationList section */
	};
	rootObject = CE8B79EB210475FF009BD29F /* Project object */;
}
